// !$*UTF8*$!
{
	archiveVersion = 1;
	classes = {
	};
	objectVersion = 46;
	objects = {

/* Begin PBXBuildFile section */
		BAA393B61E51859800B1F34D /* main.m in Sources */ = {isa = PBXBuildFile; fileRef = BAA393B51E51859800B1F34D /* main.m */; };
		BAA393B91E51859800B1F34D /* AppDelegate.m in Sources */ = {isa = PBXBuildFile; fileRef = BAA393B81E51859800B1F34D /* AppDelegate.m */; };
		BAA393BC1E51859800B1F34D /* ViewController.m in Sources */ = {isa = PBXBuildFile; fileRef = BAA393BB1E51859800B1F34D /* ViewController.m */; };
		BAA393BF1E51859900B1F34D /* Main.storyboard in Resources */ = {isa = PBXBuildFile; fileRef = BAA393BD1E51859900B1F34D /* Main.storyboard */; };
		BAA393C11E51859900B1F34D /* Assets.xcassets in Resources */ = {isa = PBXBuildFile; fileRef = BAA393C01E51859900B1F34D /* Assets.xcassets */; };
		BAA393C41E51859900B1F34D /* LaunchScreen.storyboard in Resources */ = {isa = PBXBuildFile; fileRef = BAA393C21E51859900B1F34D /* LaunchScreen.storyboard */; };
		BAA393CF1E51859900B1F34D /* ShowTestDomeTests.m in Sources */ = {isa = PBXBuildFile; fileRef = BAA393CE1E51859900B1F34D /* ShowTestDomeTests.m */; };
		BAA393DA1E51859900B1F34D /* ShowTestDomeUITests.m in Sources */ = {isa = PBXBuildFile; fileRef = BAA393D91E51859900B1F34D /* ShowTestDomeUITests.m */; };
/* End PBXBuildFile section */

/* Begin PBXContainerItemProxy section */
		BAA393CB1E51859900B1F34D /* PBXContainerItemProxy */ = {
			isa = PBXContainerItemProxy;
			containerPortal = BAA393A91E51859800B1F34D /* Project object */;
			proxyType = 1;
			remoteGlobalIDString = BAA393B01E51859800B1F34D;
			remoteInfo = ShowTestDome;
		};
		BAA393D61E51859900B1F34D /* PBXContainerItemProxy */ = {
			isa = PBXContainerItemProxy;
			containerPortal = BAA393A91E51859800B1F34D /* Project object */;
			proxyType = 1;
			remoteGlobalIDString = BAA393B01E51859800B1F34D;
			remoteInfo = ShowTestDome;
		};
/* End PBXContainerItemProxy section */

/* Begin PBXFileReference section */
		BAA393B11E51859800B1F34D /* ShowTestDome.app */ = {isa = PBXFileReference; explicitFileType = wrapper.application; includeInIndex = 0; path = ShowTestDome.app; sourceTree = BUILT_PRODUCTS_DIR; };
		BAA393B51E51859800B1F34D /* main.m */ = {isa = PBXFileReference; lastKnownFileType = sourcecode.c.objc; path = main.m; sourceTree = "<group>"; };
		BAA393B71E51859800B1F34D /* AppDelegate.h */ = {isa = PBXFileReference; lastKnownFileType = sourcecode.c.h; path = AppDelegate.h; sourceTree = "<group>"; };
		BAA393B81E51859800B1F34D /* AppDelegate.m */ = {isa = PBXFileReference; lastKnownFileType = sourcecode.c.objc; path = AppDelegate.m; sourceTree = "<group>"; };
		BAA393BA1E51859800B1F34D /* ViewController.h */ = {isa = PBXFileReference; lastKnownFileType = sourcecode.c.h; path = ViewController.h; sourceTree = "<group>"; };
		BAA393BB1E51859800B1F34D /* ViewController.m */ = {isa = PBXFileReference; lastKnownFileType = sourcecode.c.objc; path = ViewController.m; sourceTree = "<group>"; };
		BAA393BE1E51859900B1F34D /* Base */ = {isa = PBXFileReference; lastKnownFileType = file.storyboard; name = Base; path = Base.lproj/Main.storyboard; sourceTree = "<group>"; };
		BAA393C01E51859900B1F34D /* Assets.xcassets */ = {isa = PBXFileReference; lastKnownFileType = folder.assetcatalog; path = Assets.xcassets; sourceTree = "<group>"; };
		BAA393C31E51859900B1F34D /* Base */ = {isa = PBXFileReference; lastKnownFileType = file.storyboard; name = Base; path = Base.lproj/LaunchScreen.storyboard; sourceTree = "<group>"; };
		BAA393C51E51859900B1F34D /* Info.plist */ = {isa = PBXFileReference; lastKnownFileType = text.plist.xml; path = Info.plist; sourceTree = "<group>"; };
		BAA393CA1E51859900B1F34D /* ShowTestDomeTests.xctest */ = {isa = PBXFileReference; explicitFileType = wrapper.cfbundle; includeInIndex = 0; path = ShowTestDomeTests.xctest; sourceTree = BUILT_PRODUCTS_DIR; };
		BAA393CE1E51859900B1F34D /* ShowTestDomeTests.m */ = {isa = PBXFileReference; lastKnownFileType = sourcecode.c.objc; path = ShowTestDomeTests.m; sourceTree = "<group>"; };
		BAA393D01E51859900B1F34D /* Info.plist */ = {isa = PBXFileReference; lastKnownFileType = text.plist.xml; path = Info.plist; sourceTree = "<group>"; };
		BAA393D51E51859900B1F34D /* ShowTestDomeUITests.xctest */ = {isa = PBXFileReference; explicitFileType = wrapper.cfbundle; includeInIndex = 0; path = ShowTestDomeUITests.xctest; sourceTree = BUILT_PRODUCTS_DIR; };
		BAA393D91E51859900B1F34D /* ShowTestDomeUITests.m */ = {isa = PBXFileReference; lastKnownFileType = sourcecode.c.objc; path = ShowTestDomeUITests.m; sourceTree = "<group>"; };
		BAA393DB1E51859900B1F34D /* Info.plist */ = {isa = PBXFileReference; lastKnownFileType = text.plist.xml; path = Info.plist; sourceTree = "<group>"; };
/* End PBXFileReference section */

/* Begin PBXFrameworksBuildPhase section */
		BAA393AE1E51859800B1F34D /* Frameworks */ = {
			isa = PBXFrameworksBuildPhase;
			buildActionMask = 2147483647;
			files = (
			);
			runOnlyForDeploymentPostprocessing = 0;
		};
		BAA393C71E51859900B1F34D /* Frameworks */ = {
			isa = PBXFrameworksBuildPhase;
			buildActionMask = 2147483647;
			files = (
			);
			runOnlyForDeploymentPostprocessing = 0;
		};
		BAA393D21E51859900B1F34D /* Frameworks */ = {
			isa = PBXFrameworksBuildPhase;
			buildActionMask = 2147483647;
			files = (
			);
			runOnlyForDeploymentPostprocessing = 0;
		};
/* End PBXFrameworksBuildPhase section */

/* Begin PBXGroup section */
		BAA393A81E51859700B1F34D = {
			isa = PBXGroup;
			children = (
				BAA393B31E51859800B1F34D /* ShowTestDome */,
				BAA393CD1E51859900B1F34D /* ShowTestDomeTests */,
				BAA393D81E51859900B1F34D /* ShowTestDomeUITests */,
				BAA393B21E51859800B1F34D /* Products */,
			);
			sourceTree = "<group>";
		};
		BAA393B21E51859800B1F34D /* Products */ = {
			isa = PBXGroup;
			children = (
				BAA393B11E51859800B1F34D /* ShowTestDome.app */,
				BAA393CA1E51859900B1F34D /* ShowTestDomeTests.xctest */,
				BAA393D51E51859900B1F34D /* ShowTestDomeUITests.xctest */,
			);
			name = Products;
			sourceTree = "<group>";
		};
		BAA393B31E51859800B1F34D /* ShowTestDome */ = {
			isa = PBXGroup;
			children = (
				BAA393B71E51859800B1F34D /* AppDelegate.h */,
				BAA393B81E51859800B1F34D /* AppDelegate.m */,
				BAA393BA1E51859800B1F34D /* ViewController.h */,
				BAA393BB1E51859800B1F34D /* ViewController.m */,
				BAA393BD1E51859900B1F34D /* Main.storyboard */,
				BAA393C01E51859900B1F34D /* Assets.xcassets */,
				BAA393C21E51859900B1F34D /* LaunchScreen.storyboard */,
				BAA393C51E51859900B1F34D /* Info.plist */,
				BAA393B41E51859800B1F34D /* Supporting Files */,
			);
			path = ShowTestDome;
			sourceTree = "<group>";
		};
		BAA393B41E51859800B1F34D /* Supporting Files */ = {
			isa = PBXGroup;
			children = (
				BAA393B51E51859800B1F34D /* main.m */,
			);
			name = "Supporting Files";
			sourceTree = "<group>";
		};
		BAA393CD1E51859900B1F34D /* ShowTestDomeTests */ = {
			isa = PBXGroup;
			children = (
				BAA393CE1E51859900B1F34D /* ShowTestDomeTests.m */,
				BAA393D01E51859900B1F34D /* Info.plist */,
			);
			path = ShowTestDomeTests;
			sourceTree = "<group>";
		};
		BAA393D81E51859900B1F34D /* ShowTestDomeUITests */ = {
			isa = PBXGroup;
			children = (
				BAA393D91E51859900B1F34D /* ShowTestDomeUITests.m */,
				BAA393DB1E51859900B1F34D /* Info.plist */,
			);
			path = ShowTestDomeUITests;
			sourceTree = "<group>";
		};
/* End PBXGroup section */

/* Begin PBXNativeTarget section */
		BAA393B01E51859800B1F34D /* ShowTestDome */ = {
			isa = PBXNativeTarget;
			buildConfigurationList = BAA393DE1E51859900B1F34D /* Build configuration list for PBXNativeTarget "ShowTestDome" */;
			buildPhases = (
				BAA393AD1E51859800B1F34D /* Sources */,
				BAA393AE1E51859800B1F34D /* Frameworks */,
				BAA393AF1E51859800B1F34D /* Resources */,
			);
			buildRules = (
			);
			dependencies = (
			);
			name = ShowTestDome;
			productName = ShowTestDome;
			productReference = BAA393B11E51859800B1F34D /* ShowTestDome.app */;
			productType = "com.apple.product-type.application";
		};
		BAA393C91E51859900B1F34D /* ShowTestDomeTests */ = {
			isa = PBXNativeTarget;
			buildConfigurationList = BAA393E11E51859900B1F34D /* Build configuration list for PBXNativeTarget "ShowTestDomeTests" */;
			buildPhases = (
				BAA393C61E51859900B1F34D /* Sources */,
				BAA393C71E51859900B1F34D /* Frameworks */,
				BAA393C81E51859900B1F34D /* Resources */,
			);
			buildRules = (
			);
			dependencies = (
				BAA393CC1E51859900B1F34D /* PBXTargetDependency */,
			);
			name = ShowTestDomeTests;
			productName = ShowTestDomeTests;
			productReference = BAA393CA1E51859900B1F34D /* ShowTestDomeTests.xctest */;
			productType = "com.apple.product-type.bundle.unit-test";
		};
		BAA393D41E51859900B1F34D /* ShowTestDomeUITests */ = {
			isa = PBXNativeTarget;
			buildConfigurationList = BAA393E41E51859900B1F34D /* Build configuration list for PBXNativeTarget "ShowTestDomeUITests" */;
			buildPhases = (
				BAA393D11E51859900B1F34D /* Sources */,
				BAA393D21E51859900B1F34D /* Frameworks */,
				BAA393D31E51859900B1F34D /* Resources */,
			);
			buildRules = (
			);
			dependencies = (
				BAA393D71E51859900B1F34D /* PBXTargetDependency */,
			);
			name = ShowTestDomeUITests;
			productName = ShowTestDomeUITests;
			productReference = BAA393D51E51859900B1F34D /* ShowTestDomeUITests.xctest */;
			productType = "com.apple.product-type.bundle.ui-testing";
		};
/* End PBXNativeTarget section */

/* Begin PBXProject section */
		BAA393A91E51859800B1F34D /* Project object */ = {
			isa = PBXProject;
			attributes = {
				LastUpgradeCheck = 0820;
				ORGANIZATIONNAME = Nemo;
				TargetAttributes = {
					BAA393B01E51859800B1F34D = {
						CreatedOnToolsVersion = 8.2.1;
						ProvisioningStyle = Automatic;
					};
					BAA393C91E51859900B1F34D = {
						CreatedOnToolsVersion = 8.2.1;
						ProvisioningStyle = Automatic;
						TestTargetID = BAA393B01E51859800B1F34D;
					};
					BAA393D41E51859900B1F34D = {
						CreatedOnToolsVersion = 8.2.1;
						ProvisioningStyle = Automatic;
						TestTargetID = BAA393B01E51859800B1F34D;
					};
				};
			};
			buildConfigurationList = BAA393AC1E51859800B1F34D /* Build configuration list for PBXProject "ShowTestDome" */;
			compatibilityVersion = "Xcode 3.2";
			developmentRegion = English;
			hasScannedForEncodings = 0;
			knownRegions = (
				en,
				Base,
			);
			mainGroup = BAA393A81E51859700B1F34D;
			productRefGroup = BAA393B21E51859800B1F34D /* Products */;
			projectDirPath = "";
			projectRoot = "";
			targets = (
				BAA393B01E51859800B1F34D /* ShowTestDome */,
				BAA393C91E51859900B1F34D /* ShowTestDomeTests */,
				BAA393D41E51859900B1F34D /* ShowTestDomeUITests */,
			);
		};
/* End PBXProject section */

/* Begin PBXResourcesBuildPhase section */
		BAA393AF1E51859800B1F34D /* Resources */ = {
			isa = PBXResourcesBuildPhase;
			buildActionMask = 2147483647;
			files = (
				BAA393C41E51859900B1F34D /* LaunchScreen.storyboard in Resources */,
				BAA393C11E51859900B1F34D /* Assets.xcassets in Resources */,
				BAA393BF1E51859900B1F34D /* Main.storyboard in Resources */,
			);
			runOnlyForDeploymentPostprocessing = 0;
		};
		BAA393C81E51859900B1F34D /* Resources */ = {
			isa = PBXResourcesBuildPhase;
			buildActionMask = 2147483647;
			files = (
			);
			runOnlyForDeploymentPostprocessing = 0;
		};
		BAA393D31E51859900B1F34D /* Resources */ = {
			isa = PBXResourcesBuildPhase;
			buildActionMask = 2147483647;
			files = (
			);
			runOnlyForDeploymentPostprocessing = 0;
		};
/* End PBXResourcesBuildPhase section */

/* Begin PBXSourcesBuildPhase section */
		BAA393AD1E51859800B1F34D /* Sources */ = {
			isa = PBXSourcesBuildPhase;
			buildActionMask = 2147483647;
			files = (
				BAA393BC1E51859800B1F34D /* ViewController.m in Sources */,
				BAA393B91E51859800B1F34D /* AppDelegate.m in Sources */,
				BAA393B61E51859800B1F34D /* main.m in Sources */,
			);
			runOnlyForDeploymentPostprocessing = 0;
		};
		BAA393C61E51859900B1F34D /* Sources */ = {
			isa = PBXSourcesBuildPhase;
			buildActionMask = 2147483647;
			files = (
				BAA393CF1E51859900B1F34D /* ShowTestDomeTests.m in Sources */,
			);
			runOnlyForDeploymentPostprocessing = 0;
		};
		BAA393D11E51859900B1F34D /* Sources */ = {
			isa = PBXSourcesBuildPhase;
			buildActionMask = 2147483647;
			files = (
				BAA393DA1E51859900B1F34D /* ShowTestDomeUITests.m in Sources */,
			);
			runOnlyForDeploymentPostprocessing = 0;
		};
/* End PBXSourcesBuildPhase section */

/* Begin PBXTargetDependency section */
		BAA393CC1E51859900B1F34D /* PBXTargetDependency */ = {
			isa = PBXTargetDependency;
			target = BAA393B01E51859800B1F34D /* ShowTestDome */;
			targetProxy = BAA393CB1E51859900B1F34D /* PBXContainerItemProxy */;
		};
		BAA393D71E51859900B1F34D /* PBXTargetDependency */ = {
			isa = PBXTargetDependency;
			target = BAA393B01E51859800B1F34D /* ShowTestDome */;
			targetProxy = BAA393D61E51859900B1F34D /* PBXContainerItemProxy */;
		};
/* End PBXTargetDependency section */

/* Begin PBXVariantGroup section */
		BAA393BD1E51859900B1F34D /* Main.storyboard */ = {
			isa = PBXVariantGroup;
			children = (
				BAA393BE1E51859900B1F34D /* Base */,
			);
			name = Main.storyboard;
			sourceTree = "<group>";
		};
		BAA393C21E51859900B1F34D /* LaunchScreen.storyboard */ = {
			isa = PBXVariantGroup;
			children = (
				BAA393C31E51859900B1F34D /* Base */,
			);
			name = LaunchScreen.storyboard;
			sourceTree = "<group>";
		};
/* End PBXVariantGroup section */

/* Begin XCBuildConfiguration section */
		BAA393DC1E51859900B1F34D /* Debug */ = {
			isa = XCBuildConfiguration;
			buildSettings = {
				ALWAYS_SEARCH_USER_PATHS = NO;
				CLANG_ANALYZER_NONNULL = YES;
				CLANG_CXX_LANGUAGE_STANDARD = "gnu++0x";
				CLANG_CXX_LIBRARY = "libc++";
				CLANG_ENABLE_MODULES = YES;
				CLANG_ENABLE_OBJC_ARC = YES;
				CLANG_WARN_BOOL_CONVERSION = YES;
				CLANG_WARN_CONSTANT_CONVERSION = YES;
				CLANG_WARN_DIRECT_OBJC_ISA_USAGE = YES_ERROR;
				CLANG_WARN_DOCUMENTATION_COMMENTS = YES;
				CLANG_WARN_EMPTY_BODY = YES;
				CLANG_WARN_ENUM_CONVERSION = YES;
				CLANG_WARN_INFINITE_RECURSION = YES;
				CLANG_WARN_INT_CONVERSION = YES;
				CLANG_WARN_OBJC_ROOT_CLASS = YES_ERROR;
				CLANG_WARN_SUSPICIOUS_MOVE = YES;
				CLANG_WARN_UNREACHABLE_CODE = YES;
				CLANG_WARN__DUPLICATE_METHOD_MATCH = YES;
				"CODE_SIGN_IDENTITY[sdk=iphoneos*]" = "iPhone Developer";
				COPY_PHASE_STRIP = NO;
				DEBUG_INFORMATION_FORMAT = dwarf;
				ENABLE_STRICT_OBJC_MSGSEND = YES;
				ENABLE_TESTABILITY = YES;
				GCC_C_LANGUAGE_STANDARD = gnu99;
				GCC_DYNAMIC_NO_PIC = NO;
				GCC_NO_COMMON_BLOCKS = YES;
				GCC_OPTIMIZATION_LEVEL = 0;
				GCC_PREPROCESSOR_DEFINITIONS = (
					"DEBUG=1",
					"$(inherited)",
				);
				GCC_WARN_64_TO_32_BIT_CONVERSION = YES;
				GCC_WARN_ABOUT_RETURN_TYPE = YES_ERROR;
				GCC_WARN_UNDECLARED_SELECTOR = YES;
				GCC_WARN_UNINITIALIZED_AUTOS = YES_AGGRESSIVE;
				GCC_WARN_UNUSED_FUNCTION = YES;
				GCC_WARN_UNUSED_VARIABLE = YES;
				IPHONEOS_DEPLOYMENT_TARGET = 10.2;
				MTL_ENABLE_DEBUG_INFO = YES;
				ONLY_ACTIVE_ARCH = YES;
				SDKROOT = iphoneos;
				TARGETED_DEVICE_FAMILY = "1,2";
			};
			name = Debug;
		};
		BAA393DD1E51859900B1F34D /* Release */ = {
			isa = XCBuildConfiguration;
			buildSettings = {
				ALWAYS_SEARCH_USER_PATHS = NO;
				CLANG_ANALYZER_NONNULL = YES;
				CLANG_CXX_LANGUAGE_STANDARD = "gnu++0x";
				CLANG_CXX_LIBRARY = "libc++";
				CLANG_ENABLE_MODULES = YES;
				CLANG_ENABLE_OBJC_ARC = YES;
				CLANG_WARN_BOOL_CONVERSION = YES;
				CLANG_WARN_CONSTANT_CONVERSION = YES;
				CLANG_WARN_DIRECT_OBJC_ISA_USAGE = YES_ERROR;
				CLANG_WARN_DOCUMENTATION_COMMENTS = YES;
				CLANG_WARN_EMPTY_BODY = YES;
				CLANG_WARN_ENUM_CONVERSION = YES;
				CLANG_WARN_INFINITE_RECURSION = YES;
				CLANG_WARN_INT_CONVERSION = YES;
				CLANG_WARN_OBJC_ROOT_CLASS = YES_ERROR;
				CLANG_WARN_SUSPICIOUS_MOVE = YES;
				CLANG_WARN_UNREACHABLE_CODE = YES;
				CLANG_WARN__DUPLICATE_METHOD_MATCH = YES;
				"CODE_SIGN_IDENTITY[sdk=iphoneos*]" = "iPhone Developer";
				COPY_PHASE_STRIP = NO;
				DEBUG_INFORMATION_FORMAT = "dwarf-with-dsym";
				ENABLE_NS_ASSERTIONS = NO;
				ENABLE_STRICT_OBJC_MSGSEND = YES;
				GCC_C_LANGUAGE_STANDARD = gnu99;
				GCC_NO_COMMON_BLOCKS = YES;
				GCC_WARN_64_TO_32_BIT_CONVERSION = YES;
				GCC_WARN_ABOUT_RETURN_TYPE = YES_ERROR;
				GCC_WARN_UNDECLARED_SELECTOR = YES;
				GCC_WARN_UNINITIALIZED_AUTOS = YES_AGGRESSIVE;
				GCC_WARN_UNUSED_FUNCTION = YES;
				GCC_WARN_UNUSED_VARIABLE = YES;
				IPHONEOS_DEPLOYMENT_TARGET = 10.2;
				MTL_ENABLE_DEBUG_INFO = NO;
				SDKROOT = iphoneos;
				TARGETED_DEVICE_FAMILY = "1,2";
				VALIDATE_PRODUCT = YES;
			};
			name = Release;
		};
		BAA393DF1E51859900B1F34D /* Debug */ = {
			isa = XCBuildConfiguration;
			buildSettings = {
				ASSETCATALOG_COMPILER_APPICON_NAME = AppIcon;
				INFOPLIST_FILE = ShowTestDome/Info.plist;
				LD_RUNPATH_SEARCH_PATHS = "$(inherited) @executable_path/Frameworks";
				PRODUCT_BUNDLE_IDENTIFIER = Mjwon.ShowTestDome;
				PRODUCT_NAME = "$(TARGET_NAME)";
			};
			name = Debug;
		};
		BAA393E01E51859900B1F34D /* Release */ = {
			isa = XCBuildConfiguration;
			buildSettings = {
				ASSETCATALOG_COMPILER_APPICON_NAME = AppIcon;
				INFOPLIST_FILE = ShowTestDome/Info.plist;
				LD_RUNPATH_SEARCH_PATHS = "$(inherited) @executable_path/Frameworks";
				PRODUCT_BUNDLE_IDENTIFIER = Mjwon.ShowTestDome;
				PRODUCT_NAME = "$(TARGET_NAME)";
			};
			name = Release;
		};
		BAA393E21E51859900B1F34D /* Debug */ = {
			isa = XCBuildConfiguration;
			buildSettings = {
				BUNDLE_LOADER = "$(TEST_HOST)";
				INFOPLIST_FILE = ShowTestDomeTests/Info.plist;
				LD_RUNPATH_SEARCH_PATHS = "$(inherited) @executable_path/Frameworks @loader_path/Frameworks";
				PRODUCT_BUNDLE_IDENTIFIER = Mjwon.ShowTestDomeTests;
				PRODUCT_NAME = "$(TARGET_NAME)";
				TEST_HOST = "$(BUILT_PRODUCTS_DIR)/ShowTestDome.app/ShowTestDome";
			};
			name = Debug;
		};
		BAA393E31E51859900B1F34D /* Release */ = {
			isa = XCBuildConfiguration;
			buildSettings = {
				BUNDLE_LOADER = "$(TEST_HOST)";
				INFOPLIST_FILE = ShowTestDomeTests/Info.plist;
				LD_RUNPATH_SEARCH_PATHS = "$(inherited) @executable_path/Frameworks @loader_path/Frameworks";
				PRODUCT_BUNDLE_IDENTIFIER = Mjwon.ShowTestDomeTests;
				PRODUCT_NAME = "$(TARGET_NAME)";
				TEST_HOST = "$(BUILT_PRODUCTS_DIR)/ShowTestDome.app/ShowTestDome";
			};
			name = Release;
		};
		BAA393E51E51859900B1F34D /* Debug */ = {
			isa = XCBuildConfiguration;
			buildSettings = {
				INFOPLIST_FILE = ShowTestDomeUITests/Info.plist;
				LD_RUNPATH_SEARCH_PATHS = "$(inherited) @executable_path/Frameworks @loader_path/Frameworks";
				PRODUCT_BUNDLE_IDENTIFIER = Mjwon.ShowTestDomeUITests;
				PRODUCT_NAME = "$(TARGET_NAME)";
				TEST_TARGET_NAME = ShowTestDome;
			};
			name = Debug;
		};
		BAA393E61E51859900B1F34D /* Release */ = {
			isa = XCBuildConfiguration;
			buildSettings = {
				INFOPLIST_FILE = ShowTestDomeUITests/Info.plist;
				LD_RUNPATH_SEARCH_PATHS = "$(inherited) @executable_path/Frameworks @loader_path/Frameworks";
				PRODUCT_BUNDLE_IDENTIFIER = Mjwon.ShowTestDomeUITests;
				PRODUCT_NAME = "$(TARGET_NAME)";
				TEST_TARGET_NAME = ShowTestDome;
			};
			name = Release;
		};
/* End XCBuildConfiguration section */

/* Begin XCConfigurationList section */
		BAA393AC1E51859800B1F34D /* Build configuration list for PBXProject "ShowTestDome" */ = {
			isa = XCConfigurationList;
			buildConfigurations = (
				BAA393DC1E51859900B1F34D /* Debug */,
				BAA393DD1E51859900B1F34D /* Release */,
			);
			defaultConfigurationIsVisible = 0;
			defaultConfigurationName = Release;
		};
		BAA393DE1E51859900B1F34D /* Build configuration list for PBXNativeTarget "ShowTestDome" */ = {
			isa = XCConfigurationList;
			buildConfigurations = (
				BAA393DF1E51859900B1F34D /* Debug */,
				BAA393E01E51859900B1F34D /* Release */,
			);
			defaultConfigurationIsVisible = 0;
		};
		BAA393E11E51859900B1F34D /* Build configuration list for PBXNativeTarget "ShowTestDomeTests" */ = {
			isa = XCConfigurationList;
			buildConfigurations = (
				BAA393E21E51859900B1F34D /* Debug */,
				BAA393E31E51859900B1F34D /* Release */,
			);
			defaultConfigurationIsVisible = 0;
		};
		BAA393E41E51859900B1F34D /* Build configuration list for PBXNativeTarget "ShowTestDomeUITests" */ = {
			isa = XCConfigurationList;
			buildConfigurations = (
				BAA393E51E51859900B1F34D /* Debug */,
				BAA393E61E51859900B1F34D /* Release */,
			);
			defaultConfigurationIsVisible = 0;
		};
/* End XCConfigurationList section */
	};
	rootObject = BAA393A91E51859800B1F34D /* Project object */;
}
