// !$*UTF8*$!
{
	archiveVersion = 1;
	classes = {
	};
	objectVersion = 46;
	objects = {

/* Begin PBXBuildFile section */
		77502C9ADA7E7B76F17D4880 /* libPods-ShowTestDomeTests.a in Frameworks */ = {isa = PBXBuildFile; fileRef = BF98B72F12E72D0AFDAD88FF /* libPods-ShowTestDomeTests.a */; };
		7B6F13E5E89134F5368BFCC4 /* libPods-ShowTestDomeUITests.a in Frameworks */ = {isa = PBXBuildFile; fileRef = 34C496B0DF6FB40F0DCD46BB /* libPods-ShowTestDomeUITests.a */; };
		AA89F30ECC94914BCC19FE0E /* libPods-ShowTestDome.a in Frameworks */ = {isa = PBXBuildFile; fileRef = CFBDF11F9241304BE9C91564 /* libPods-ShowTestDome.a */; };
		BA47DCC41E89FE9400DFD7F5 /* IMG_0069.GIF in Resources */ = {isa = PBXBuildFile; fileRef = BA47DCBF1E89FE9400DFD7F5 /* IMG_0069.GIF */; };
		BA47DCC51E89FE9400DFD7F5 /* IMG_0076.JPG in Resources */ = {isa = PBXBuildFile; fileRef = BA47DCC01E89FE9400DFD7F5 /* IMG_0076.JPG */; };
		BA47DCC61E89FE9400DFD7F5 /* IMG_0148.GIF in Resources */ = {isa = PBXBuildFile; fileRef = BA47DCC11E89FE9400DFD7F5 /* IMG_0148.GIF */; };
		BA47DCC71E89FE9400DFD7F5 /* IMG_1014.PNG in Resources */ = {isa = PBXBuildFile; fileRef = BA47DCC21E89FE9400DFD7F5 /* IMG_1014.PNG */; };
		BA47DCC81E89FE9400DFD7F5 /* IMG_1060.PNG in Resources */ = {isa = PBXBuildFile; fileRef = BA47DCC31E89FE9400DFD7F5 /* IMG_1060.PNG */; };
		BA6200842245E720001F21B4 /* ShowGIFViewController.m in Sources */ = {isa = PBXBuildFile; fileRef = BA6200832245E720001F21B4 /* ShowGIFViewController.m */; };
		BA62008D224614C5001F21B4 /* ImageVideoViewViewController.m in Sources */ = {isa = PBXBuildFile; fileRef = BA62008C224614C5001F21B4 /* ImageVideoViewViewController.m */; };
		BA620092224615AF001F21B4 /* ViewControllerConfigure.m in Sources */ = {isa = PBXBuildFile; fileRef = BA620091224615AF001F21B4 /* ViewControllerConfigure.m */; };
		BA620096224616D5001F21B4 /* Carousel.m in Sources */ = {isa = PBXBuildFile; fileRef = BA620095224616D5001F21B4 /* Carousel.m */; };
		BA6200992246170B001F21B4 /* VideoView.m in Sources */ = {isa = PBXBuildFile; fileRef = BA6200982246170B001F21B4 /* VideoView.m */; };
		BA62009C2246172D001F21B4 /* VideoMaskView.m in Sources */ = {isa = PBXBuildFile; fileRef = BA62009B2246172D001F21B4 /* VideoMaskView.m */; };
		BA62009F22462CBE001F21B4 /* VideoListViewController.m in Sources */ = {isa = PBXBuildFile; fileRef = BA62009E22462CBE001F21B4 /* VideoListViewController.m */; };
		BA6200A322462CE1001F21B4 /* VideoListCell.m in Sources */ = {isa = PBXBuildFile; fileRef = BA6200A122462CE1001F21B4 /* VideoListCell.m */; };
		BA6200A422462CE1001F21B4 /* VideoListCell.xib in Resources */ = {isa = PBXBuildFile; fileRef = BA6200A222462CE1001F21B4 /* VideoListCell.xib */; };
		BA6200AA2246355A001F21B4 /* VideoModel.m in Sources */ = {isa = PBXBuildFile; fileRef = BA6200A92246355A001F21B4 /* VideoModel.m */; };
		BA6200AE22464553001F21B4 /* VideoPlayView.m in Sources */ = {isa = PBXBuildFile; fileRef = BA6200AD22464553001F21B4 /* VideoPlayView.m */; };
		BA6A5E811E67F78F00986F22 /* TestOneTableViewCell.m in Sources */ = {isa = PBXBuildFile; fileRef = BA6A5E801E67F78F00986F22 /* TestOneTableViewCell.m */; };
		BA6A5E841E6817A700986F22 /* TestModel.m in Sources */ = {isa = PBXBuildFile; fileRef = BA6A5E831E6817A700986F22 /* TestModel.m */; };
		BA7CE0481E557B78002226D5 /* UIWebViewController.m in Sources */ = {isa = PBXBuildFile; fileRef = BA7CE0471E557B78002226D5 /* UIWebViewController.m */; };
		BA7CE04C1E557C80002226D5 /* JSObject.m in Sources */ = {isa = PBXBuildFile; fileRef = BA7CE04B1E557C80002226D5 /* JSObject.m */; };
		BA7CE04E1E557DB0002226D5 /* dist in Resources */ = {isa = PBXBuildFile; fileRef = BA7CE04D1E557DB0002226D5 /* dist */; };
		BA7EFC40214A8C3C008C154D /* CaptionViewController.m in Sources */ = {isa = PBXBuildFile; fileRef = BA7EFC3F214A8C3C008C154D /* CaptionViewController.m */; };
		BA7EFC44214A8C50008C154D /* CaptionView.m in Sources */ = {isa = PBXBuildFile; fileRef = BA7EFC43214A8C50008C154D /* CaptionView.m */; };
		BA7EFC48214A8C9E008C154D /* ASCountDownView.m in Sources */ = {isa = PBXBuildFile; fileRef = BA7EFC47214A8C9E008C154D /* ASCountDownView.m */; };
		BA7EFC4B214A8CDA008C154D /* ASViewController.m in Sources */ = {isa = PBXBuildFile; fileRef = BA7EFC4A214A8CDA008C154D /* ASViewController.m */; };
		BA82C3C41E5D967B003B83FF /* ChatImageView.m in Sources */ = {isa = PBXBuildFile; fileRef = BA82C3C31E5D967B003B83FF /* ChatImageView.m */; };
		BA834A561E5294F70057DB88 /* WebViewController.m in Sources */ = {isa = PBXBuildFile; fileRef = BA834A551E5294F70057DB88 /* WebViewController.m */; };
		BA834A591E5295080057DB88 /* TestViewController.m in Sources */ = {isa = PBXBuildFile; fileRef = BA834A581E5295080057DB88 /* TestViewController.m */; };
		BA834A5F1E5298ED0057DB88 /* WeakScriptMessageDelegate.m in Sources */ = {isa = PBXBuildFile; fileRef = BA834A5E1E5298ED0057DB88 /* WeakScriptMessageDelegate.m */; };
		BA834A611E529A480057DB88 /* web_bi_app in Resources */ = {isa = PBXBuildFile; fileRef = BA834A601E529A480057DB88 /* web_bi_app */; };
		BA8B466D214DFF9F00D9EC42 /* YHExcelView.m in Sources */ = {isa = PBXBuildFile; fileRef = BA8B4662214DFF9F00D9EC42 /* YHExcelView.m */; };
		BA8B466E214DFF9F00D9EC42 /* YHExcelViewIndexPath.m in Sources */ = {isa = PBXBuildFile; fileRef = BA8B4665214DFF9F00D9EC42 /* YHExcelViewIndexPath.m */; };
		BA8B466F214DFF9F00D9EC42 /* YHExcelTitleView.m in Sources */ = {isa = PBXBuildFile; fileRef = BA8B4666214DFF9F00D9EC42 /* YHExcelTitleView.m */; };
		BA8B4670214DFF9F00D9EC42 /* YHExcelViewColumn.m in Sources */ = {isa = PBXBuildFile; fileRef = BA8B4667214DFF9F00D9EC42 /* YHExcelViewColumn.m */; };
		BA8B4671214DFF9F00D9EC42 /* UIView+YHCategory.m in Sources */ = {isa = PBXBuildFile; fileRef = BA8B4668214DFF9F00D9EC42 /* UIView+YHCategory.m */; };
		BA8B4674214DFFBC00D9EC42 /* ExcelViewController.m in Sources */ = {isa = PBXBuildFile; fileRef = BA8B4673214DFFBC00D9EC42 /* ExcelViewController.m */; };
		BA8B467B214E347A00D9EC42 /* FoldingViewController.m in Sources */ = {isa = PBXBuildFile; fileRef = BA8B467A214E347A00D9EC42 /* FoldingViewController.m */; };
		BA8B4683214E364B00D9EC42 /* FoldingSectionHeader.m in Sources */ = {isa = PBXBuildFile; fileRef = BA8B467E214E364B00D9EC42 /* FoldingSectionHeader.m */; };
		BA8B4684214E364B00D9EC42 /* FoldingTableView.m in Sources */ = {isa = PBXBuildFile; fileRef = BA8B4680214E364B00D9EC42 /* FoldingTableView.m */; };
		BA8B4685214E364B00D9EC42 /* FoldingModel.m in Sources */ = {isa = PBXBuildFile; fileRef = BA8B4682214E364B00D9EC42 /* FoldingModel.m */; };
		BAA393B61E51859800B1F34D /* main.m in Sources */ = {isa = PBXBuildFile; fileRef = BAA393B51E51859800B1F34D /* main.m */; };
		BAA393B91E51859800B1F34D /* AppDelegate.m in Sources */ = {isa = PBXBuildFile; fileRef = BAA393B81E51859800B1F34D /* AppDelegate.m */; };
		BAA393BC1E51859800B1F34D /* ViewController.m in Sources */ = {isa = PBXBuildFile; fileRef = BAA393BB1E51859800B1F34D /* ViewController.m */; };
		BAA393BF1E51859900B1F34D /* Main.storyboard in Resources */ = {isa = PBXBuildFile; fileRef = BAA393BD1E51859900B1F34D /* Main.storyboard */; };
		BAA393C11E51859900B1F34D /* Assets.xcassets in Resources */ = {isa = PBXBuildFile; fileRef = BAA393C01E51859900B1F34D /* Assets.xcassets */; };
		BAA393C41E51859900B1F34D /* LaunchScreen.storyboard in Resources */ = {isa = PBXBuildFile; fileRef = BAA393C21E51859900B1F34D /* LaunchScreen.storyboard */; };
		BAA393CF1E51859900B1F34D /* ShowTestDomeTests.m in Sources */ = {isa = PBXBuildFile; fileRef = BAA393CE1E51859900B1F34D /* ShowTestDomeTests.m */; };
		BAA393DA1E51859900B1F34D /* ShowTestDomeUITests.m in Sources */ = {isa = PBXBuildFile; fileRef = BAA393D91E51859900B1F34D /* ShowTestDomeUITests.m */; };
		BAA393E91E5185B000B1F34D /* ShowLable.m in Sources */ = {isa = PBXBuildFile; fileRef = BAA393E81E5185B000B1F34D /* ShowLable.m */; };
		BAA393ED1E5186F500B1F34D /* UIView+Extension.m in Sources */ = {isa = PBXBuildFile; fileRef = BAA393EC1E5186F500B1F34D /* UIView+Extension.m */; };
/* End PBXBuildFile section */

/* Begin PBXContainerItemProxy section */
		BAA393CB1E51859900B1F34D /* PBXContainerItemProxy */ = {
			isa = PBXContainerItemProxy;
			containerPortal = BAA393A91E51859800B1F34D /* Project object */;
			proxyType = 1;
			remoteGlobalIDString = BAA393B01E51859800B1F34D;
			remoteInfo = ShowTestDome;
		};
		BAA393D61E51859900B1F34D /* PBXContainerItemProxy */ = {
			isa = PBXContainerItemProxy;
			containerPortal = BAA393A91E51859800B1F34D /* Project object */;
			proxyType = 1;
			remoteGlobalIDString = BAA393B01E51859800B1F34D;
			remoteInfo = ShowTestDome;
		};
/* End PBXContainerItemProxy section */

/* Begin PBXFileReference section */
		287D660D263D8899BDF25EFE /* Pods-ShowTestDomeTests.debug.xcconfig */ = {isa = PBXFileReference; includeInIndex = 1; lastKnownFileType = text.xcconfig; name = "Pods-ShowTestDomeTests.debug.xcconfig"; path = "Pods/Target Support Files/Pods-ShowTestDomeTests/Pods-ShowTestDomeTests.debug.xcconfig"; sourceTree = "<group>"; };
		2ACA4DAAB5EFAA9EFA849127 /* Pods-ShowTestDomeUITests.debug.xcconfig */ = {isa = PBXFileReference; includeInIndex = 1; lastKnownFileType = text.xcconfig; name = "Pods-ShowTestDomeUITests.debug.xcconfig"; path = "Pods/Target Support Files/Pods-ShowTestDomeUITests/Pods-ShowTestDomeUITests.debug.xcconfig"; sourceTree = "<group>"; };
		34C496B0DF6FB40F0DCD46BB /* libPods-ShowTestDomeUITests.a */ = {isa = PBXFileReference; explicitFileType = archive.ar; includeInIndex = 0; path = "libPods-ShowTestDomeUITests.a"; sourceTree = BUILT_PRODUCTS_DIR; };
		B63088B45333EBC25584B4E3 /* Pods-ShowTestDomeTests.release.xcconfig */ = {isa = PBXFileReference; includeInIndex = 1; lastKnownFileType = text.xcconfig; name = "Pods-ShowTestDomeTests.release.xcconfig"; path = "Pods/Target Support Files/Pods-ShowTestDomeTests/Pods-ShowTestDomeTests.release.xcconfig"; sourceTree = "<group>"; };
		BA47DCBF1E89FE9400DFD7F5 /* IMG_0069.GIF */ = {isa = PBXFileReference; lastKnownFileType = image.gif; path = IMG_0069.GIF; sourceTree = "<group>"; };
		BA47DCC01E89FE9400DFD7F5 /* IMG_0076.JPG */ = {isa = PBXFileReference; lastKnownFileType = image.jpeg; path = IMG_0076.JPG; sourceTree = "<group>"; };
		BA47DCC11E89FE9400DFD7F5 /* IMG_0148.GIF */ = {isa = PBXFileReference; lastKnownFileType = image.gif; path = IMG_0148.GIF; sourceTree = "<group>"; };
		BA47DCC21E89FE9400DFD7F5 /* IMG_1014.PNG */ = {isa = PBXFileReference; lastKnownFileType = image.png; path = IMG_1014.PNG; sourceTree = "<group>"; };
		BA47DCC31E89FE9400DFD7F5 /* IMG_1060.PNG */ = {isa = PBXFileReference; lastKnownFileType = image.png; path = IMG_1060.PNG; sourceTree = "<group>"; };
		BA6200822245E720001F21B4 /* ShowGIFViewController.h */ = {isa = PBXFileReference; fileEncoding = 4; lastKnownFileType = sourcecode.c.h; path = ShowGIFViewController.h; sourceTree = "<group>"; };
		BA6200832245E720001F21B4 /* ShowGIFViewController.m */ = {isa = PBXFileReference; fileEncoding = 4; lastKnownFileType = sourcecode.c.objc; path = ShowGIFViewController.m; sourceTree = "<group>"; };
		BA62008622460A3C001F21B4 /* MacroDefinition.h */ = {isa = PBXFileReference; fileEncoding = 4; lastKnownFileType = sourcecode.c.h; path = MacroDefinition.h; sourceTree = "<group>"; };
		BA62008822460A3C001F21B4 /* PrefixHeader.pch */ = {isa = PBXFileReference; fileEncoding = 4; lastKnownFileType = sourcecode.c.h; path = PrefixHeader.pch; sourceTree = "<group>"; };
		BA62008B224614C5001F21B4 /* ImageVideoViewViewController.h */ = {isa = PBXFileReference; lastKnownFileType = sourcecode.c.h; path = ImageVideoViewViewController.h; sourceTree = "<group>"; };
		BA62008C224614C5001F21B4 /* ImageVideoViewViewController.m */ = {isa = PBXFileReference; lastKnownFileType = sourcecode.c.objc; path = ImageVideoViewViewController.m; sourceTree = "<group>"; };
		BA620090224615AF001F21B4 /* ViewControllerConfigure.h */ = {isa = PBXFileReference; fileEncoding = 4; lastKnownFileType = sourcecode.c.h; path = ViewControllerConfigure.h; sourceTree = "<group>"; };
		BA620091224615AF001F21B4 /* ViewControllerConfigure.m */ = {isa = PBXFileReference; fileEncoding = 4; lastKnownFileType = sourcecode.c.objc; path = ViewControllerConfigure.m; sourceTree = "<group>"; };
		BA620094224616D5001F21B4 /* Carousel.h */ = {isa = PBXFileReference; lastKnownFileType = sourcecode.c.h; path = Carousel.h; sourceTree = "<group>"; };
		BA620095224616D5001F21B4 /* Carousel.m */ = {isa = PBXFileReference; lastKnownFileType = sourcecode.c.objc; path = Carousel.m; sourceTree = "<group>"; };
		BA6200972246170B001F21B4 /* VideoView.h */ = {isa = PBXFileReference; lastKnownFileType = sourcecode.c.h; path = VideoView.h; sourceTree = "<group>"; };
		BA6200982246170B001F21B4 /* VideoView.m */ = {isa = PBXFileReference; lastKnownFileType = sourcecode.c.objc; path = VideoView.m; sourceTree = "<group>"; };
		BA62009A2246172D001F21B4 /* VideoMaskView.h */ = {isa = PBXFileReference; lastKnownFileType = sourcecode.c.h; path = VideoMaskView.h; sourceTree = "<group>"; };
		BA62009B2246172D001F21B4 /* VideoMaskView.m */ = {isa = PBXFileReference; lastKnownFileType = sourcecode.c.objc; path = VideoMaskView.m; sourceTree = "<group>"; };
		BA62009D22462CBE001F21B4 /* VideoListViewController.h */ = {isa = PBXFileReference; lastKnownFileType = sourcecode.c.h; path = VideoListViewController.h; sourceTree = "<group>"; };
		BA62009E22462CBE001F21B4 /* VideoListViewController.m */ = {isa = PBXFileReference; lastKnownFileType = sourcecode.c.objc; path = VideoListViewController.m; sourceTree = "<group>"; };
		BA6200A022462CE1001F21B4 /* VideoListCell.h */ = {isa = PBXFileReference; lastKnownFileType = sourcecode.c.h; path = VideoListCell.h; sourceTree = "<group>"; };
		BA6200A122462CE1001F21B4 /* VideoListCell.m */ = {isa = PBXFileReference; lastKnownFileType = sourcecode.c.objc; path = VideoListCell.m; sourceTree = "<group>"; };
		BA6200A222462CE1001F21B4 /* VideoListCell.xib */ = {isa = PBXFileReference; lastKnownFileType = file.xib; path = VideoListCell.xib; sourceTree = "<group>"; };
		BA6200A82246355A001F21B4 /* VideoModel.h */ = {isa = PBXFileReference; lastKnownFileType = sourcecode.c.h; path = VideoModel.h; sourceTree = "<group>"; };
		BA6200A92246355A001F21B4 /* VideoModel.m */ = {isa = PBXFileReference; lastKnownFileType = sourcecode.c.objc; path = VideoModel.m; sourceTree = "<group>"; };
		BA6200AC22464553001F21B4 /* VideoPlayView.h */ = {isa = PBXFileReference; lastKnownFileType = sourcecode.c.h; path = VideoPlayView.h; sourceTree = "<group>"; };
		BA6200AD22464553001F21B4 /* VideoPlayView.m */ = {isa = PBXFileReference; lastKnownFileType = sourcecode.c.objc; path = VideoPlayView.m; sourceTree = "<group>"; };
		BA6A5E7F1E67F78F00986F22 /* TestOneTableViewCell.h */ = {isa = PBXFileReference; fileEncoding = 4; lastKnownFileType = sourcecode.c.h; path = TestOneTableViewCell.h; sourceTree = "<group>"; };
		BA6A5E801E67F78F00986F22 /* TestOneTableViewCell.m */ = {isa = PBXFileReference; fileEncoding = 4; lastKnownFileType = sourcecode.c.objc; path = TestOneTableViewCell.m; sourceTree = "<group>"; };
		BA6A5E821E6817A700986F22 /* TestModel.h */ = {isa = PBXFileReference; fileEncoding = 4; lastKnownFileType = sourcecode.c.h; path = TestModel.h; sourceTree = "<group>"; };
		BA6A5E831E6817A700986F22 /* TestModel.m */ = {isa = PBXFileReference; fileEncoding = 4; lastKnownFileType = sourcecode.c.objc; path = TestModel.m; sourceTree = "<group>"; };
		BA7CE0461E557B78002226D5 /* UIWebViewController.h */ = {isa = PBXFileReference; fileEncoding = 4; lastKnownFileType = sourcecode.c.h; path = UIWebViewController.h; sourceTree = "<group>"; };
		BA7CE0471E557B78002226D5 /* UIWebViewController.m */ = {isa = PBXFileReference; fileEncoding = 4; lastKnownFileType = sourcecode.c.objc; path = UIWebViewController.m; sourceTree = "<group>"; };
		BA7CE04A1E557C80002226D5 /* JSObject.h */ = {isa = PBXFileReference; fileEncoding = 4; lastKnownFileType = sourcecode.c.h; path = JSObject.h; sourceTree = "<group>"; };
		BA7CE04B1E557C80002226D5 /* JSObject.m */ = {isa = PBXFileReference; fileEncoding = 4; lastKnownFileType = sourcecode.c.objc; path = JSObject.m; sourceTree = "<group>"; };
		BA7CE04D1E557DB0002226D5 /* dist */ = {isa = PBXFileReference; lastKnownFileType = folder; path = dist; sourceTree = "<group>"; };
		BA7EFC3E214A8C3C008C154D /* CaptionViewController.h */ = {isa = PBXFileReference; lastKnownFileType = sourcecode.c.h; path = CaptionViewController.h; sourceTree = "<group>"; };
		BA7EFC3F214A8C3C008C154D /* CaptionViewController.m */ = {isa = PBXFileReference; lastKnownFileType = sourcecode.c.objc; path = CaptionViewController.m; sourceTree = "<group>"; };
		BA7EFC42214A8C50008C154D /* CaptionView.h */ = {isa = PBXFileReference; fileEncoding = 4; lastKnownFileType = sourcecode.c.h; path = CaptionView.h; sourceTree = "<group>"; };
		BA7EFC43214A8C50008C154D /* CaptionView.m */ = {isa = PBXFileReference; fileEncoding = 4; lastKnownFileType = sourcecode.c.objc; path = CaptionView.m; sourceTree = "<group>"; };
		BA7EFC46214A8C9D008C154D /* ASCountDownView.h */ = {isa = PBXFileReference; fileEncoding = 4; lastKnownFileType = sourcecode.c.h; path = ASCountDownView.h; sourceTree = "<group>"; };
		BA7EFC47214A8C9E008C154D /* ASCountDownView.m */ = {isa = PBXFileReference; fileEncoding = 4; lastKnownFileType = sourcecode.c.objc; path = ASCountDownView.m; sourceTree = "<group>"; };
		BA7EFC49214A8CDA008C154D /* ASViewController.h */ = {isa = PBXFileReference; lastKnownFileType = sourcecode.c.h; path = ASViewController.h; sourceTree = "<group>"; };
		BA7EFC4A214A8CDA008C154D /* ASViewController.m */ = {isa = PBXFileReference; lastKnownFileType = sourcecode.c.objc; path = ASViewController.m; sourceTree = "<group>"; };
		BA82C3C21E5D967B003B83FF /* ChatImageView.h */ = {isa = PBXFileReference; fileEncoding = 4; lastKnownFileType = sourcecode.c.h; path = ChatImageView.h; sourceTree = "<group>"; };
		BA82C3C31E5D967B003B83FF /* ChatImageView.m */ = {isa = PBXFileReference; fileEncoding = 4; lastKnownFileType = sourcecode.c.objc; path = ChatImageView.m; sourceTree = "<group>"; };
		BA834A541E5294F70057DB88 /* WebViewController.h */ = {isa = PBXFileReference; fileEncoding = 4; lastKnownFileType = sourcecode.c.h; path = WebViewController.h; sourceTree = "<group>"; };
		BA834A551E5294F70057DB88 /* WebViewController.m */ = {isa = PBXFileReference; fileEncoding = 4; lastKnownFileType = sourcecode.c.objc; path = WebViewController.m; sourceTree = "<group>"; };
		BA834A571E5295080057DB88 /* TestViewController.h */ = {isa = PBXFileReference; fileEncoding = 4; lastKnownFileType = sourcecode.c.h; path = TestViewController.h; sourceTree = "<group>"; };
		BA834A581E5295080057DB88 /* TestViewController.m */ = {isa = PBXFileReference; fileEncoding = 4; lastKnownFileType = sourcecode.c.objc; path = TestViewController.m; sourceTree = "<group>"; };
		BA834A5C1E5298ED0057DB88 /* JSExportDelegate.h */ = {isa = PBXFileReference; fileEncoding = 4; lastKnownFileType = sourcecode.c.h; path = JSExportDelegate.h; sourceTree = "<group>"; };
		BA834A5D1E5298ED0057DB88 /* WeakScriptMessageDelegate.h */ = {isa = PBXFileReference; fileEncoding = 4; lastKnownFileType = sourcecode.c.h; path = WeakScriptMessageDelegate.h; sourceTree = "<group>"; };
		BA834A5E1E5298ED0057DB88 /* WeakScriptMessageDelegate.m */ = {isa = PBXFileReference; fileEncoding = 4; lastKnownFileType = sourcecode.c.objc; path = WeakScriptMessageDelegate.m; sourceTree = "<group>"; };
		BA834A601E529A480057DB88 /* web_bi_app */ = {isa = PBXFileReference; lastKnownFileType = folder; path = web_bi_app; sourceTree = "<group>"; };
		BA8B4662214DFF9F00D9EC42 /* YHExcelView.m */ = {isa = PBXFileReference; fileEncoding = 4; lastKnownFileType = sourcecode.c.objc; path = YHExcelView.m; sourceTree = "<group>"; };
		BA8B4663214DFF9F00D9EC42 /* UIView+YHCategory.h */ = {isa = PBXFileReference; fileEncoding = 4; lastKnownFileType = sourcecode.c.h; path = "UIView+YHCategory.h"; sourceTree = "<group>"; };
		BA8B4664214DFF9F00D9EC42 /* YHExcelViewColumn.h */ = {isa = PBXFileReference; fileEncoding = 4; lastKnownFileType = sourcecode.c.h; path = YHExcelViewColumn.h; sourceTree = "<group>"; };
		BA8B4665214DFF9F00D9EC42 /* YHExcelViewIndexPath.m */ = {isa = PBXFileReference; fileEncoding = 4; lastKnownFileType = sourcecode.c.objc; path = YHExcelViewIndexPath.m; sourceTree = "<group>"; };
		BA8B4666214DFF9F00D9EC42 /* YHExcelTitleView.m */ = {isa = PBXFileReference; fileEncoding = 4; lastKnownFileType = sourcecode.c.objc; path = YHExcelTitleView.m; sourceTree = "<group>"; };
		BA8B4667214DFF9F00D9EC42 /* YHExcelViewColumn.m */ = {isa = PBXFileReference; fileEncoding = 4; lastKnownFileType = sourcecode.c.objc; path = YHExcelViewColumn.m; sourceTree = "<group>"; };
		BA8B4668214DFF9F00D9EC42 /* UIView+YHCategory.m */ = {isa = PBXFileReference; fileEncoding = 4; lastKnownFileType = sourcecode.c.objc; path = "UIView+YHCategory.m"; sourceTree = "<group>"; };
		BA8B4669214DFF9F00D9EC42 /* YHExcel.h */ = {isa = PBXFileReference; fileEncoding = 4; lastKnownFileType = sourcecode.c.h; path = YHExcel.h; sourceTree = "<group>"; };
		BA8B466A214DFF9F00D9EC42 /* YHExcelView.h */ = {isa = PBXFileReference; fileEncoding = 4; lastKnownFileType = sourcecode.c.h; path = YHExcelView.h; sourceTree = "<group>"; };
		BA8B466B214DFF9F00D9EC42 /* YHExcelViewIndexPath.h */ = {isa = PBXFileReference; fileEncoding = 4; lastKnownFileType = sourcecode.c.h; path = YHExcelViewIndexPath.h; sourceTree = "<group>"; };
		BA8B466C214DFF9F00D9EC42 /* YHExcelTitleView.h */ = {isa = PBXFileReference; fileEncoding = 4; lastKnownFileType = sourcecode.c.h; path = YHExcelTitleView.h; sourceTree = "<group>"; };
		BA8B4672214DFFBC00D9EC42 /* ExcelViewController.h */ = {isa = PBXFileReference; lastKnownFileType = sourcecode.c.h; path = ExcelViewController.h; sourceTree = "<group>"; };
		BA8B4673214DFFBC00D9EC42 /* ExcelViewController.m */ = {isa = PBXFileReference; lastKnownFileType = sourcecode.c.objc; path = ExcelViewController.m; sourceTree = "<group>"; };
		BA8B4679214E347A00D9EC42 /* FoldingViewController.h */ = {isa = PBXFileReference; lastKnownFileType = sourcecode.c.h; path = FoldingViewController.h; sourceTree = "<group>"; };
		BA8B467A214E347A00D9EC42 /* FoldingViewController.m */ = {isa = PBXFileReference; lastKnownFileType = sourcecode.c.objc; path = FoldingViewController.m; sourceTree = "<group>"; };
		BA8B467D214E364B00D9EC42 /* FoldingTableView.h */ = {isa = PBXFileReference; fileEncoding = 4; lastKnownFileType = sourcecode.c.h; path = FoldingTableView.h; sourceTree = "<group>"; };
		BA8B467E214E364B00D9EC42 /* FoldingSectionHeader.m */ = {isa = PBXFileReference; fileEncoding = 4; lastKnownFileType = sourcecode.c.objc; path = FoldingSectionHeader.m; sourceTree = "<group>"; };
		BA8B467F214E364B00D9EC42 /* FoldingModel.h */ = {isa = PBXFileReference; fileEncoding = 4; lastKnownFileType = sourcecode.c.h; path = FoldingModel.h; sourceTree = "<group>"; };
		BA8B4680214E364B00D9EC42 /* FoldingTableView.m */ = {isa = PBXFileReference; fileEncoding = 4; lastKnownFileType = sourcecode.c.objc; path = FoldingTableView.m; sourceTree = "<group>"; };
		BA8B4681214E364B00D9EC42 /* FoldingSectionHeader.h */ = {isa = PBXFileReference; fileEncoding = 4; lastKnownFileType = sourcecode.c.h; path = FoldingSectionHeader.h; sourceTree = "<group>"; };
		BA8B4682214E364B00D9EC42 /* FoldingModel.m */ = {isa = PBXFileReference; fileEncoding = 4; lastKnownFileType = sourcecode.c.objc; path = FoldingModel.m; sourceTree = "<group>"; };
		BAA393B11E51859800B1F34D /* ShowTestDome.app */ = {isa = PBXFileReference; explicitFileType = wrapper.application; includeInIndex = 0; path = ShowTestDome.app; sourceTree = BUILT_PRODUCTS_DIR; };
		BAA393B51E51859800B1F34D /* main.m */ = {isa = PBXFileReference; lastKnownFileType = sourcecode.c.objc; path = main.m; sourceTree = "<group>"; };
		BAA393B71E51859800B1F34D /* AppDelegate.h */ = {isa = PBXFileReference; lastKnownFileType = sourcecode.c.h; path = AppDelegate.h; sourceTree = "<group>"; };
		BAA393B81E51859800B1F34D /* AppDelegate.m */ = {isa = PBXFileReference; lastKnownFileType = sourcecode.c.objc; path = AppDelegate.m; sourceTree = "<group>"; };
		BAA393BA1E51859800B1F34D /* ViewController.h */ = {isa = PBXFileReference; lastKnownFileType = sourcecode.c.h; path = ViewController.h; sourceTree = "<group>"; };
		BAA393BB1E51859800B1F34D /* ViewController.m */ = {isa = PBXFileReference; lastKnownFileType = sourcecode.c.objc; path = ViewController.m; sourceTree = "<group>"; };
		BAA393BE1E51859900B1F34D /* Base */ = {isa = PBXFileReference; lastKnownFileType = file.storyboard; name = Base; path = Base.lproj/Main.storyboard; sourceTree = "<group>"; };
		BAA393C01E51859900B1F34D /* Assets.xcassets */ = {isa = PBXFileReference; lastKnownFileType = folder.assetcatalog; path = Assets.xcassets; sourceTree = "<group>"; };
		BAA393C31E51859900B1F34D /* Base */ = {isa = PBXFileReference; lastKnownFileType = file.storyboard; name = Base; path = Base.lproj/LaunchScreen.storyboard; sourceTree = "<group>"; };
		BAA393C51E51859900B1F34D /* Info.plist */ = {isa = PBXFileReference; lastKnownFileType = text.plist.xml; path = Info.plist; sourceTree = "<group>"; };
		BAA393CA1E51859900B1F34D /* ShowTestDomeTests.xctest */ = {isa = PBXFileReference; explicitFileType = wrapper.cfbundle; includeInIndex = 0; path = ShowTestDomeTests.xctest; sourceTree = BUILT_PRODUCTS_DIR; };
		BAA393CE1E51859900B1F34D /* ShowTestDomeTests.m */ = {isa = PBXFileReference; lastKnownFileType = sourcecode.c.objc; path = ShowTestDomeTests.m; sourceTree = "<group>"; };
		BAA393D01E51859900B1F34D /* Info.plist */ = {isa = PBXFileReference; lastKnownFileType = text.plist.xml; path = Info.plist; sourceTree = "<group>"; };
		BAA393D51E51859900B1F34D /* ShowTestDomeUITests.xctest */ = {isa = PBXFileReference; explicitFileType = wrapper.cfbundle; includeInIndex = 0; path = ShowTestDomeUITests.xctest; sourceTree = BUILT_PRODUCTS_DIR; };
		BAA393D91E51859900B1F34D /* ShowTestDomeUITests.m */ = {isa = PBXFileReference; lastKnownFileType = sourcecode.c.objc; path = ShowTestDomeUITests.m; sourceTree = "<group>"; };
		BAA393DB1E51859900B1F34D /* Info.plist */ = {isa = PBXFileReference; lastKnownFileType = text.plist.xml; path = Info.plist; sourceTree = "<group>"; };
		BAA393E71E5185B000B1F34D /* ShowLable.h */ = {isa = PBXFileReference; fileEncoding = 4; lastKnownFileType = sourcecode.c.h; path = ShowLable.h; sourceTree = "<group>"; };
		BAA393E81E5185B000B1F34D /* ShowLable.m */ = {isa = PBXFileReference; fileEncoding = 4; lastKnownFileType = sourcecode.c.objc; path = ShowLable.m; sourceTree = "<group>"; };
		BAA393EB1E5186F500B1F34D /* UIView+Extension.h */ = {isa = PBXFileReference; fileEncoding = 4; lastKnownFileType = sourcecode.c.h; path = "UIView+Extension.h"; sourceTree = "<group>"; };
		BAA393EC1E5186F500B1F34D /* UIView+Extension.m */ = {isa = PBXFileReference; fileEncoding = 4; lastKnownFileType = sourcecode.c.objc; path = "UIView+Extension.m"; sourceTree = "<group>"; };
		BF98B72F12E72D0AFDAD88FF /* libPods-ShowTestDomeTests.a */ = {isa = PBXFileReference; explicitFileType = archive.ar; includeInIndex = 0; path = "libPods-ShowTestDomeTests.a"; sourceTree = BUILT_PRODUCTS_DIR; };
		C089AB00A7B355DDB1EC9E3D /* Pods-ShowTestDomeUITests.release.xcconfig */ = {isa = PBXFileReference; includeInIndex = 1; lastKnownFileType = text.xcconfig; name = "Pods-ShowTestDomeUITests.release.xcconfig"; path = "Pods/Target Support Files/Pods-ShowTestDomeUITests/Pods-ShowTestDomeUITests.release.xcconfig"; sourceTree = "<group>"; };
		CFBDF11F9241304BE9C91564 /* libPods-ShowTestDome.a */ = {isa = PBXFileReference; explicitFileType = archive.ar; includeInIndex = 0; path = "libPods-ShowTestDome.a"; sourceTree = BUILT_PRODUCTS_DIR; };
		D78ED679ED0754DC4D9FA833 /* Pods-ShowTestDome.debug.xcconfig */ = {isa = PBXFileReference; includeInIndex = 1; lastKnownFileType = text.xcconfig; name = "Pods-ShowTestDome.debug.xcconfig"; path = "Pods/Target Support Files/Pods-ShowTestDome/Pods-ShowTestDome.debug.xcconfig"; sourceTree = "<group>"; };
		F2590011AC8CD2372DF26BBA /* Pods-ShowTestDome.release.xcconfig */ = {isa = PBXFileReference; includeInIndex = 1; lastKnownFileType = text.xcconfig; name = "Pods-ShowTestDome.release.xcconfig"; path = "Pods/Target Support Files/Pods-ShowTestDome/Pods-ShowTestDome.release.xcconfig"; sourceTree = "<group>"; };
/* End PBXFileReference section */

/* Begin PBXFrameworksBuildPhase section */
		BAA393AE1E51859800B1F34D /* Frameworks */ = {
			isa = PBXFrameworksBuildPhase;
			buildActionMask = 2147483647;
			files = (
				AA89F30ECC94914BCC19FE0E /* libPods-ShowTestDome.a in Frameworks */,
			);
			runOnlyForDeploymentPostprocessing = 0;
		};
		BAA393C71E51859900B1F34D /* Frameworks */ = {
			isa = PBXFrameworksBuildPhase;
			buildActionMask = 2147483647;
			files = (
				77502C9ADA7E7B76F17D4880 /* libPods-ShowTestDomeTests.a in Frameworks */,
			);
			runOnlyForDeploymentPostprocessing = 0;
		};
		BAA393D21E51859900B1F34D /* Frameworks */ = {
			isa = PBXFrameworksBuildPhase;
			buildActionMask = 2147483647;
			files = (
				7B6F13E5E89134F5368BFCC4 /* libPods-ShowTestDomeUITests.a in Frameworks */,
			);
			runOnlyForDeploymentPostprocessing = 0;
		};
/* End PBXFrameworksBuildPhase section */

/* Begin PBXGroup section */
		A687DD88D09EC55950BE0F21 /* Frameworks */ = {
			isa = PBXGroup;
			children = (
				CFBDF11F9241304BE9C91564 /* libPods-ShowTestDome.a */,
				BF98B72F12E72D0AFDAD88FF /* libPods-ShowTestDomeTests.a */,
				34C496B0DF6FB40F0DCD46BB /* libPods-ShowTestDomeUITests.a */,
			);
			name = Frameworks;
			sourceTree = "<group>";
		};
		BA47DCBE1E89FE9400DFD7F5 /* chatImage */ = {
			isa = PBXGroup;
			children = (
				BA47DCBF1E89FE9400DFD7F5 /* IMG_0069.GIF */,
				BA47DCC01E89FE9400DFD7F5 /* IMG_0076.JPG */,
				BA47DCC11E89FE9400DFD7F5 /* IMG_0148.GIF */,
				BA47DCC21E89FE9400DFD7F5 /* IMG_1014.PNG */,
				BA47DCC31E89FE9400DFD7F5 /* IMG_1060.PNG */,
			);
			path = chatImage;
			sourceTree = "<group>";
		};
		BA62008522460A3C001F21B4 /* Define */ = {
			isa = PBXGroup;
			children = (
				BA62008622460A3C001F21B4 /* MacroDefinition.h */,
				BA62008822460A3C001F21B4 /* PrefixHeader.pch */,
			);
			path = Define;
			sourceTree = "<group>";
		};
		BA62008E2246158A001F21B4 /* Other */ = {
			isa = PBXGroup;
			children = (
				BA62008F224615A6001F21B4 /* Configure */,
				BA47DCBE1E89FE9400DFD7F5 /* chatImage */,
			);
			path = Other;
			sourceTree = "<group>";
		};
		BA62008F224615A6001F21B4 /* Configure */ = {
			isa = PBXGroup;
			children = (
				BA620090224615AF001F21B4 /* ViewControllerConfigure.h */,
				BA620091224615AF001F21B4 /* ViewControllerConfigure.m */,
			);
			path = Configure;
			sourceTree = "<group>";
		};
		BA620093224616AA001F21B4 /* Carousel */ = {
			isa = PBXGroup;
			children = (
				BA620094224616D5001F21B4 /* Carousel.h */,
				BA620095224616D5001F21B4 /* Carousel.m */,
				BA6200972246170B001F21B4 /* VideoView.h */,
				BA6200982246170B001F21B4 /* VideoView.m */,
				BA62009A2246172D001F21B4 /* VideoMaskView.h */,
				BA62009B2246172D001F21B4 /* VideoMaskView.m */,
			);
			path = Carousel;
			sourceTree = "<group>";
		};
		BA6200A522463517001F21B4 /* VideoListViewController */ = {
			isa = PBXGroup;
			children = (
				BA6200A72246353D001F21B4 /* Cell */,
				BA6200A622463535001F21B4 /* Model */,
				BA62009D22462CBE001F21B4 /* VideoListViewController.h */,
				BA62009E22462CBE001F21B4 /* VideoListViewController.m */,
			);
			path = VideoListViewController;
			sourceTree = "<group>";
		};
		BA6200A622463535001F21B4 /* Model */ = {
			isa = PBXGroup;
			children = (
				BA6200A82246355A001F21B4 /* VideoModel.h */,
				BA6200A92246355A001F21B4 /* VideoModel.m */,
			);
			path = Model;
			sourceTree = "<group>";
		};
		BA6200A72246353D001F21B4 /* Cell */ = {
			isa = PBXGroup;
			children = (
				BA6200A022462CE1001F21B4 /* VideoListCell.h */,
				BA6200A122462CE1001F21B4 /* VideoListCell.m */,
				BA6200A222462CE1001F21B4 /* VideoListCell.xib */,
			);
			path = Cell;
			sourceTree = "<group>";
		};
		BA6200AB224644ED001F21B4 /* VideoPlayView */ = {
			isa = PBXGroup;
			children = (
				BA6200AC22464553001F21B4 /* VideoPlayView.h */,
				BA6200AD22464553001F21B4 /* VideoPlayView.m */,
			);
			path = VideoPlayView;
			sourceTree = "<group>";
		};
		BA7CE0491E557C80002226D5 /* JSObject */ = {
			isa = PBXGroup;
			children = (
				BA7CE04A1E557C80002226D5 /* JSObject.h */,
				BA7CE04B1E557C80002226D5 /* JSObject.m */,
			);
			path = JSObject;
			sourceTree = "<group>";
		};
		BA7EFC41214A8C50008C154D /* CaptionView */ = {
			isa = PBXGroup;
			children = (
				BA7EFC42214A8C50008C154D /* CaptionView.h */,
				BA7EFC43214A8C50008C154D /* CaptionView.m */,
			);
			path = CaptionView;
			sourceTree = "<group>";
		};
		BA7EFC45214A8C90008C154D /* ASCountDownView */ = {
			isa = PBXGroup;
			children = (
				BA7EFC46214A8C9D008C154D /* ASCountDownView.h */,
				BA7EFC47214A8C9E008C154D /* ASCountDownView.m */,
			);
			path = ASCountDownView;
			sourceTree = "<group>";
		};
		BA834A5B1E5298ED0057DB88 /* delegate */ = {
			isa = PBXGroup;
			children = (
				BA834A5C1E5298ED0057DB88 /* JSExportDelegate.h */,
				BA834A5D1E5298ED0057DB88 /* WeakScriptMessageDelegate.h */,
				BA834A5E1E5298ED0057DB88 /* WeakScriptMessageDelegate.m */,
			);
			path = delegate;
			sourceTree = "<group>";
		};
		BA8B465B214DFD4D00D9EC42 /* Lib */ = {
			isa = PBXGroup;
			children = (
				BA6200AB224644ED001F21B4 /* VideoPlayView */,
				BA620093224616AA001F21B4 /* Carousel */,
				BA8B467C214E364B00D9EC42 /* FoldingTableView */,
				BA8B4661214DFF9F00D9EC42 /* ExcelView */,
				BA8B465F214DFDF700D9EC42 /* ChatImageView */,
				BA8B465D214DFDC000D9EC42 /* ShowLable */,
				BA7EFC45214A8C90008C154D /* ASCountDownView */,
				BA7EFC41214A8C50008C154D /* CaptionView */,
			);
			path = Lib;
			sourceTree = "<group>";
		};
		BA8B465C214DFD9700D9EC42 /* ViewController */ = {
			isa = PBXGroup;
			children = (
				BA6200A522463517001F21B4 /* VideoListViewController */,
				BA6200822245E720001F21B4 /* ShowGIFViewController.h */,
				BA6200832245E720001F21B4 /* ShowGIFViewController.m */,
				BA7CE0461E557B78002226D5 /* UIWebViewController.h */,
				BA7CE0471E557B78002226D5 /* UIWebViewController.m */,
				BA834A571E5295080057DB88 /* TestViewController.h */,
				BA834A581E5295080057DB88 /* TestViewController.m */,
				BA7EFC49214A8CDA008C154D /* ASViewController.h */,
				BA7EFC4A214A8CDA008C154D /* ASViewController.m */,
				BA834A541E5294F70057DB88 /* WebViewController.h */,
				BA834A551E5294F70057DB88 /* WebViewController.m */,
				BA7EFC3E214A8C3C008C154D /* CaptionViewController.h */,
				BA7EFC3F214A8C3C008C154D /* CaptionViewController.m */,
				BA8B4672214DFFBC00D9EC42 /* ExcelViewController.h */,
				BA8B4673214DFFBC00D9EC42 /* ExcelViewController.m */,
				BA8B4679214E347A00D9EC42 /* FoldingViewController.h */,
				BA8B467A214E347A00D9EC42 /* FoldingViewController.m */,
				BA62008B224614C5001F21B4 /* ImageVideoViewViewController.h */,
				BA62008C224614C5001F21B4 /* ImageVideoViewViewController.m */,
			);
			path = ViewController;
			sourceTree = "<group>";
		};
		BA8B465D214DFDC000D9EC42 /* ShowLable */ = {
			isa = PBXGroup;
			children = (
				BAA393E71E5185B000B1F34D /* ShowLable.h */,
				BAA393E81E5185B000B1F34D /* ShowLable.m */,
			);
			path = ShowLable;
			sourceTree = "<group>";
		};
		BA8B465E214DFDDA00D9EC42 /* Model */ = {
			isa = PBXGroup;
			children = (
				BA6A5E821E6817A700986F22 /* TestModel.h */,
				BA6A5E831E6817A700986F22 /* TestModel.m */,
			);
			path = Model;
			sourceTree = "<group>";
		};
		BA8B465F214DFDF700D9EC42 /* ChatImageView */ = {
			isa = PBXGroup;
			children = (
				BA82C3C21E5D967B003B83FF /* ChatImageView.h */,
				BA82C3C31E5D967B003B83FF /* ChatImageView.m */,
			);
			path = ChatImageView;
			sourceTree = "<group>";
		};
		BA8B4660214DFE0800D9EC42 /* Cell */ = {
			isa = PBXGroup;
			children = (
				BA6A5E7F1E67F78F00986F22 /* TestOneTableViewCell.h */,
				BA6A5E801E67F78F00986F22 /* TestOneTableViewCell.m */,
			);
			path = Cell;
			sourceTree = "<group>";
		};
		BA8B4661214DFF9F00D9EC42 /* ExcelView */ = {
			isa = PBXGroup;
			children = (
				BA8B4662214DFF9F00D9EC42 /* YHExcelView.m */,
				BA8B4663214DFF9F00D9EC42 /* UIView+YHCategory.h */,
				BA8B4664214DFF9F00D9EC42 /* YHExcelViewColumn.h */,
				BA8B4665214DFF9F00D9EC42 /* YHExcelViewIndexPath.m */,
				BA8B4666214DFF9F00D9EC42 /* YHExcelTitleView.m */,
				BA8B4667214DFF9F00D9EC42 /* YHExcelViewColumn.m */,
				BA8B4668214DFF9F00D9EC42 /* UIView+YHCategory.m */,
				BA8B4669214DFF9F00D9EC42 /* YHExcel.h */,
				BA8B466A214DFF9F00D9EC42 /* YHExcelView.h */,
				BA8B466B214DFF9F00D9EC42 /* YHExcelViewIndexPath.h */,
				BA8B466C214DFF9F00D9EC42 /* YHExcelTitleView.h */,
			);
			path = ExcelView;
			sourceTree = "<group>";
		};
		BA8B467C214E364B00D9EC42 /* FoldingTableView */ = {
			isa = PBXGroup;
			children = (
				BA8B467D214E364B00D9EC42 /* FoldingTableView.h */,
				BA8B467E214E364B00D9EC42 /* FoldingSectionHeader.m */,
				BA8B467F214E364B00D9EC42 /* FoldingModel.h */,
				BA8B4680214E364B00D9EC42 /* FoldingTableView.m */,
				BA8B4681214E364B00D9EC42 /* FoldingSectionHeader.h */,
				BA8B4682214E364B00D9EC42 /* FoldingModel.m */,
			);
			path = FoldingTableView;
			sourceTree = "<group>";
		};
		BAA393A81E51859700B1F34D = {
			isa = PBXGroup;
			children = (
				BAA393B31E51859800B1F34D /* ShowTestDome */,
				BAA393CD1E51859900B1F34D /* ShowTestDomeTests */,
				BAA393D81E51859900B1F34D /* ShowTestDomeUITests */,
				BAA393B21E51859800B1F34D /* Products */,
				F5FCE3D3F41539AB93C9A9E8 /* Pods */,
				A687DD88D09EC55950BE0F21 /* Frameworks */,
			);
			sourceTree = "<group>";
		};
		BAA393B21E51859800B1F34D /* Products */ = {
			isa = PBXGroup;
			children = (
				BAA393B11E51859800B1F34D /* ShowTestDome.app */,
				BAA393CA1E51859900B1F34D /* ShowTestDomeTests.xctest */,
				BAA393D51E51859900B1F34D /* ShowTestDomeUITests.xctest */,
			);
			name = Products;
			sourceTree = "<group>";
		};
		BAA393B31E51859800B1F34D /* ShowTestDome */ = {
			isa = PBXGroup;
			children = (
				BA62008E2246158A001F21B4 /* Other */,
				BA62008522460A3C001F21B4 /* Define */,
				BA8B465C214DFD9700D9EC42 /* ViewController */,
				BA8B465B214DFD4D00D9EC42 /* Lib */,
				BA7CE04D1E557DB0002226D5 /* dist */,
				BA834A601E529A480057DB88 /* web_bi_app */,
				BAA393B71E51859800B1F34D /* AppDelegate.h */,
				BAA393B81E51859800B1F34D /* AppDelegate.m */,
				BAA393BA1E51859800B1F34D /* ViewController.h */,
				BAA393BB1E51859800B1F34D /* ViewController.m */,
				BA8B465E214DFDDA00D9EC42 /* Model */,
				BA8B4660214DFE0800D9EC42 /* Cell */,
				BA7CE0491E557C80002226D5 /* JSObject */,
				BA834A5B1E5298ED0057DB88 /* delegate */,
				BAA393EA1E5186F500B1F34D /* UIView (Extension) */,
				BAA393BD1E51859900B1F34D /* Main.storyboard */,
				BAA393C01E51859900B1F34D /* Assets.xcassets */,
				BAA393C21E51859900B1F34D /* LaunchScreen.storyboard */,
				BAA393C51E51859900B1F34D /* Info.plist */,
				BAA393B41E51859800B1F34D /* Supporting Files */,
			);
			path = ShowTestDome;
			sourceTree = "<group>";
		};
		BAA393B41E51859800B1F34D /* Supporting Files */ = {
			isa = PBXGroup;
			children = (
				BAA393B51E51859800B1F34D /* main.m */,
			);
			name = "Supporting Files";
			sourceTree = "<group>";
		};
		BAA393CD1E51859900B1F34D /* ShowTestDomeTests */ = {
			isa = PBXGroup;
			children = (
				BAA393CE1E51859900B1F34D /* ShowTestDomeTests.m */,
				BAA393D01E51859900B1F34D /* Info.plist */,
			);
			path = ShowTestDomeTests;
			sourceTree = "<group>";
		};
		BAA393D81E51859900B1F34D /* ShowTestDomeUITests */ = {
			isa = PBXGroup;
			children = (
				BAA393D91E51859900B1F34D /* ShowTestDomeUITests.m */,
				BAA393DB1E51859900B1F34D /* Info.plist */,
			);
			path = ShowTestDomeUITests;
			sourceTree = "<group>";
		};
		BAA393EA1E5186F500B1F34D /* UIView (Extension) */ = {
			isa = PBXGroup;
			children = (
				BAA393EB1E5186F500B1F34D /* UIView+Extension.h */,
				BAA393EC1E5186F500B1F34D /* UIView+Extension.m */,
			);
			path = "UIView (Extension)";
			sourceTree = "<group>";
		};
		F5FCE3D3F41539AB93C9A9E8 /* Pods */ = {
			isa = PBXGroup;
			children = (
				D78ED679ED0754DC4D9FA833 /* Pods-ShowTestDome.debug.xcconfig */,
				F2590011AC8CD2372DF26BBA /* Pods-ShowTestDome.release.xcconfig */,
				287D660D263D8899BDF25EFE /* Pods-ShowTestDomeTests.debug.xcconfig */,
				B63088B45333EBC25584B4E3 /* Pods-ShowTestDomeTests.release.xcconfig */,
				2ACA4DAAB5EFAA9EFA849127 /* Pods-ShowTestDomeUITests.debug.xcconfig */,
				C089AB00A7B355DDB1EC9E3D /* Pods-ShowTestDomeUITests.release.xcconfig */,
			);
			name = Pods;
			sourceTree = "<group>";
		};
/* End PBXGroup section */

/* Begin PBXNativeTarget section */
		BAA393B01E51859800B1F34D /* ShowTestDome */ = {
			isa = PBXNativeTarget;
			buildConfigurationList = BAA393DE1E51859900B1F34D /* Build configuration list for PBXNativeTarget "ShowTestDome" */;
			buildPhases = (
				72FBC49DF7FD994B02D4BDDE /* [CP] Check Pods Manifest.lock */,
				BAA393AD1E51859800B1F34D /* Sources */,
				BAA393AE1E51859800B1F34D /* Frameworks */,
				BAA393AF1E51859800B1F34D /* Resources */,
				9F13B49B534C45E7FF2DB18C /* [CP] Copy Pods Resources */,
			);
			buildRules = (
			);
			dependencies = (
			);
			name = ShowTestDome;
			productName = ShowTestDome;
			productReference = BAA393B11E51859800B1F34D /* ShowTestDome.app */;
			productType = "com.apple.product-type.application";
		};
		BAA393C91E51859900B1F34D /* ShowTestDomeTests */ = {
			isa = PBXNativeTarget;
			buildConfigurationList = BAA393E11E51859900B1F34D /* Build configuration list for PBXNativeTarget "ShowTestDomeTests" */;
			buildPhases = (
				B639008535B875D2E1886EFE /* [CP] Check Pods Manifest.lock */,
				BAA393C61E51859900B1F34D /* Sources */,
				BAA393C71E51859900B1F34D /* Frameworks */,
				BAA393C81E51859900B1F34D /* Resources */,
			);
			buildRules = (
			);
			dependencies = (
				BAA393CC1E51859900B1F34D /* PBXTargetDependency */,
			);
			name = ShowTestDomeTests;
			productName = ShowTestDomeTests;
			productReference = BAA393CA1E51859900B1F34D /* ShowTestDomeTests.xctest */;
			productType = "com.apple.product-type.bundle.unit-test";
		};
		BAA393D41E51859900B1F34D /* ShowTestDomeUITests */ = {
			isa = PBXNativeTarget;
			buildConfigurationList = BAA393E41E51859900B1F34D /* Build configuration list for PBXNativeTarget "ShowTestDomeUITests" */;
			buildPhases = (
				A09E21D93C758BF978DC1AE4 /* [CP] Check Pods Manifest.lock */,
				BAA393D11E51859900B1F34D /* Sources */,
				BAA393D21E51859900B1F34D /* Frameworks */,
				BAA393D31E51859900B1F34D /* Resources */,
			);
			buildRules = (
			);
			dependencies = (
				BAA393D71E51859900B1F34D /* PBXTargetDependency */,
			);
			name = ShowTestDomeUITests;
			productName = ShowTestDomeUITests;
			productReference = BAA393D51E51859900B1F34D /* ShowTestDomeUITests.xctest */;
			productType = "com.apple.product-type.bundle.ui-testing";
		};
/* End PBXNativeTarget section */

/* Begin PBXProject section */
		BAA393A91E51859800B1F34D /* Project object */ = {
			isa = PBXProject;
			attributes = {
				LastUpgradeCheck = 0820;
				ORGANIZATIONNAME = Nemo;
				TargetAttributes = {
					BAA393B01E51859800B1F34D = {
						CreatedOnToolsVersion = 8.2.1;
						ProvisioningStyle = Manual;
					};
					BAA393C91E51859900B1F34D = {
						CreatedOnToolsVersion = 8.2.1;
						ProvisioningStyle = Automatic;
						TestTargetID = BAA393B01E51859800B1F34D;
					};
					BAA393D41E51859900B1F34D = {
						CreatedOnToolsVersion = 8.2.1;
						ProvisioningStyle = Automatic;
						TestTargetID = BAA393B01E51859800B1F34D;
					};
				};
			};
			buildConfigurationList = BAA393AC1E51859800B1F34D /* Build configuration list for PBXProject "ShowTestDome" */;
			compatibilityVersion = "Xcode 3.2";
			developmentRegion = English;
			hasScannedForEncodings = 0;
			knownRegions = (
				en,
				Base,
			);
			mainGroup = BAA393A81E51859700B1F34D;
			productRefGroup = BAA393B21E51859800B1F34D /* Products */;
			projectDirPath = "";
			projectRoot = "";
			targets = (
				BAA393B01E51859800B1F34D /* ShowTestDome */,
				BAA393C91E51859900B1F34D /* ShowTestDomeTests */,
				BAA393D41E51859900B1F34D /* ShowTestDomeUITests */,
			);
		};
/* End PBXProject section */

/* Begin PBXResourcesBuildPhase section */
		BAA393AF1E51859800B1F34D /* Resources */ = {
			isa = PBXResourcesBuildPhase;
			buildActionMask = 2147483647;
			files = (
				BAA393C41E51859900B1F34D /* LaunchScreen.storyboard in Resources */,
				BA47DCC71E89FE9400DFD7F5 /* IMG_1014.PNG in Resources */,
				BA47DCC61E89FE9400DFD7F5 /* IMG_0148.GIF in Resources */,
				BA47DCC51E89FE9400DFD7F5 /* IMG_0076.JPG in Resources */,
				BAA393C11E51859900B1F34D /* Assets.xcassets in Resources */,
				BA7CE04E1E557DB0002226D5 /* dist in Resources */,
				BA6200A422462CE1001F21B4 /* VideoListCell.xib in Resources */,
				BA47DCC41E89FE9400DFD7F5 /* IMG_0069.GIF in Resources */,
				BA834A611E529A480057DB88 /* web_bi_app in Resources */,
				BA47DCC81E89FE9400DFD7F5 /* IMG_1060.PNG in Resources */,
				BAA393BF1E51859900B1F34D /* Main.storyboard in Resources */,
			);
			runOnlyForDeploymentPostprocessing = 0;
		};
		BAA393C81E51859900B1F34D /* Resources */ = {
			isa = PBXResourcesBuildPhase;
			buildActionMask = 2147483647;
			files = (
			);
			runOnlyForDeploymentPostprocessing = 0;
		};
		BAA393D31E51859900B1F34D /* Resources */ = {
			isa = PBXResourcesBuildPhase;
			buildActionMask = 2147483647;
			files = (
			);
			runOnlyForDeploymentPostprocessing = 0;
		};
/* End PBXResourcesBuildPhase section */

/* Begin PBXShellScriptBuildPhase section */
		72FBC49DF7FD994B02D4BDDE /* [CP] Check Pods Manifest.lock */ = {
			isa = PBXShellScriptBuildPhase;
			buildActionMask = 2147483647;
			files = (
			);
			inputPaths = (
				"${PODS_PODFILE_DIR_PATH}/Podfile.lock",
				"${PODS_ROOT}/Manifest.lock",
			);
			name = "[CP] Check Pods Manifest.lock";
			outputPaths = (
				"$(DERIVED_FILE_DIR)/Pods-ShowTestDome-checkManifestLockResult.txt",
			);
			runOnlyForDeploymentPostprocessing = 0;
			shellPath = /bin/sh;
			shellScript = "diff \"${PODS_PODFILE_DIR_PATH}/Podfile.lock\" \"${PODS_ROOT}/Manifest.lock\" > /dev/null\nif [ $? != 0 ] ; then\n    # print error to STDERR\n    echo \"error: The sandbox is not in sync with the Podfile.lock. Run 'pod install' or update your CocoaPods installation.\" >&2\n    exit 1\nfi\n# This output is used by Xcode 'outputs' to avoid re-running this script phase.\necho \"SUCCESS\" > \"${SCRIPT_OUTPUT_FILE_0}\"\n";
			showEnvVarsInLog = 0;
		};
		9F13B49B534C45E7FF2DB18C /* [CP] Copy Pods Resources */ = {
			isa = PBXShellScriptBuildPhase;
			buildActionMask = 2147483647;
			files = (
			);
			inputPaths = (
				"${SRCROOT}/Pods/Target Support Files/Pods-ShowTestDome/Pods-ShowTestDome-resources.sh",
				"${PODS_ROOT}/MJRefresh/MJRefresh/MJRefresh.bundle",
			);
			name = "[CP] Copy Pods Resources";
			outputPaths = (
				"${TARGET_BUILD_DIR}/${UNLOCALIZED_RESOURCES_FOLDER_PATH}/MJRefresh.bundle",
			);
			runOnlyForDeploymentPostprocessing = 0;
			shellPath = /bin/sh;
			shellScript = "\"${SRCROOT}/Pods/Target Support Files/Pods-ShowTestDome/Pods-ShowTestDome-resources.sh\"\n";
			showEnvVarsInLog = 0;
		};
		A09E21D93C758BF978DC1AE4 /* [CP] Check Pods Manifest.lock */ = {
			isa = PBXShellScriptBuildPhase;
			buildActionMask = 2147483647;
			files = (
			);
			inputPaths = (
				"${PODS_PODFILE_DIR_PATH}/Podfile.lock",
				"${PODS_ROOT}/Manifest.lock",
			);
			name = "[CP] Check Pods Manifest.lock";
			outputPaths = (
				"$(DERIVED_FILE_DIR)/Pods-ShowTestDomeUITests-checkManifestLockResult.txt",
			);
			runOnlyForDeploymentPostprocessing = 0;
			shellPath = /bin/sh;
			shellScript = "diff \"${PODS_PODFILE_DIR_PATH}/Podfile.lock\" \"${PODS_ROOT}/Manifest.lock\" > /dev/null\nif [ $? != 0 ] ; then\n    # print error to STDERR\n    echo \"error: The sandbox is not in sync with the Podfile.lock. Run 'pod install' or update your CocoaPods installation.\" >&2\n    exit 1\nfi\n# This output is used by Xcode 'outputs' to avoid re-running this script phase.\necho \"SUCCESS\" > \"${SCRIPT_OUTPUT_FILE_0}\"\n";
			showEnvVarsInLog = 0;
		};
		B639008535B875D2E1886EFE /* [CP] Check Pods Manifest.lock */ = {
			isa = PBXShellScriptBuildPhase;
			buildActionMask = 2147483647;
			files = (
			);
			inputPaths = (
				"${PODS_PODFILE_DIR_PATH}/Podfile.lock",
				"${PODS_ROOT}/Manifest.lock",
			);
			name = "[CP] Check Pods Manifest.lock";
			outputPaths = (
				"$(DERIVED_FILE_DIR)/Pods-ShowTestDomeTests-checkManifestLockResult.txt",
			);
			runOnlyForDeploymentPostprocessing = 0;
			shellPath = /bin/sh;
			shellScript = "diff \"${PODS_PODFILE_DIR_PATH}/Podfile.lock\" \"${PODS_ROOT}/Manifest.lock\" > /dev/null\nif [ $? != 0 ] ; then\n    # print error to STDERR\n    echo \"error: The sandbox is not in sync with the Podfile.lock. Run 'pod install' or update your CocoaPods installation.\" >&2\n    exit 1\nfi\n# This output is used by Xcode 'outputs' to avoid re-running this script phase.\necho \"SUCCESS\" > \"${SCRIPT_OUTPUT_FILE_0}\"\n";
			showEnvVarsInLog = 0;
		};
/* End PBXShellScriptBuildPhase section */

/* Begin PBXSourcesBuildPhase section */
		BAA393AD1E51859800B1F34D /* Sources */ = {
			isa = PBXSourcesBuildPhase;
			buildActionMask = 2147483647;
			files = (
				BA7EFC44214A8C50008C154D /* CaptionView.m in Sources */,
				BA620092224615AF001F21B4 /* ViewControllerConfigure.m in Sources */,
				BAA393ED1E5186F500B1F34D /* UIView+Extension.m in Sources */,
				BA7CE04C1E557C80002226D5 /* JSObject.m in Sources */,
				BA7EFC48214A8C9E008C154D /* ASCountDownView.m in Sources */,
				BA834A561E5294F70057DB88 /* WebViewController.m in Sources */,
				BA8B467B214E347A00D9EC42 /* FoldingViewController.m in Sources */,
				BA8B4683214E364B00D9EC42 /* FoldingSectionHeader.m in Sources */,
				BA6200842245E720001F21B4 /* ShowGIFViewController.m in Sources */,
				BA82C3C41E5D967B003B83FF /* ChatImageView.m in Sources */,
				BA7EFC4B214A8CDA008C154D /* ASViewController.m in Sources */,
				BA8B4671214DFF9F00D9EC42 /* UIView+YHCategory.m in Sources */,
				BA6A5E841E6817A700986F22 /* TestModel.m in Sources */,
				BA834A591E5295080057DB88 /* TestViewController.m in Sources */,
				BA834A5F1E5298ED0057DB88 /* WeakScriptMessageDelegate.m in Sources */,
				BA6A5E811E67F78F00986F22 /* TestOneTableViewCell.m in Sources */,
				BA8B466D214DFF9F00D9EC42 /* YHExcelView.m in Sources */,
				BAA393BC1E51859800B1F34D /* ViewController.m in Sources */,
				BAA393B91E51859800B1F34D /* AppDelegate.m in Sources */,
				BA8B466F214DFF9F00D9EC42 /* YHExcelTitleView.m in Sources */,
				BA620096224616D5001F21B4 /* Carousel.m in Sources */,
				BA8B4685214E364B00D9EC42 /* FoldingModel.m in Sources */,
				BA8B4670214DFF9F00D9EC42 /* YHExcelViewColumn.m in Sources */,
				BA6200AA2246355A001F21B4 /* VideoModel.m in Sources */,
				BA7CE0481E557B78002226D5 /* UIWebViewController.m in Sources */,
				BA6200992246170B001F21B4 /* VideoView.m in Sources */,
				BAA393B61E51859800B1F34D /* main.m in Sources */,
				BA62009C2246172D001F21B4 /* VideoMaskView.m in Sources */,
				BA8B4674214DFFBC00D9EC42 /* ExcelViewController.m in Sources */,
				BAA393E91E5185B000B1F34D /* ShowLable.m in Sources */,
				BA7EFC40214A8C3C008C154D /* CaptionViewController.m in Sources */,
				BA62009F22462CBE001F21B4 /* VideoListViewController.m in Sources */,
				BA62008D224614C5001F21B4 /* ImageVideoViewViewController.m in Sources */,
				BA6200A322462CE1001F21B4 /* VideoListCell.m in Sources */,
				BA6200AE22464553001F21B4 /* VideoPlayView.m in Sources */,
				BA8B466E214DFF9F00D9EC42 /* YHExcelViewIndexPath.m in Sources */,
				BA8B4684214E364B00D9EC42 /* FoldingTableView.m in Sources */,
			);
			runOnlyForDeploymentPostprocessing = 0;
		};
		BAA393C61E51859900B1F34D /* Sources */ = {
			isa = PBXSourcesBuildPhase;
			buildActionMask = 2147483647;
			files = (
				BAA393CF1E51859900B1F34D /* ShowTestDomeTests.m in Sources */,
			);
			runOnlyForDeploymentPostprocessing = 0;
		};
		BAA393D11E51859900B1F34D /* Sources */ = {
			isa = PBXSourcesBuildPhase;
			buildActionMask = 2147483647;
			files = (
				BAA393DA1E51859900B1F34D /* ShowTestDomeUITests.m in Sources */,
			);
			runOnlyForDeploymentPostprocessing = 0;
		};
/* End PBXSourcesBuildPhase section */

/* Begin PBXTargetDependency section */
		BAA393CC1E51859900B1F34D /* PBXTargetDependency */ = {
			isa = PBXTargetDependency;
			target = BAA393B01E51859800B1F34D /* ShowTestDome */;
			targetProxy = BAA393CB1E51859900B1F34D /* PBXContainerItemProxy */;
		};
		BAA393D71E51859900B1F34D /* PBXTargetDependency */ = {
			isa = PBXTargetDependency;
			target = BAA393B01E51859800B1F34D /* ShowTestDome */;
			targetProxy = BAA393D61E51859900B1F34D /* PBXContainerItemProxy */;
		};
/* End PBXTargetDependency section */

/* Begin PBXVariantGroup section */
		BAA393BD1E51859900B1F34D /* Main.storyboard */ = {
			isa = PBXVariantGroup;
			children = (
				BAA393BE1E51859900B1F34D /* Base */,
			);
			name = Main.storyboard;
			sourceTree = "<group>";
		};
		BAA393C21E51859900B1F34D /* LaunchScreen.storyboard */ = {
			isa = PBXVariantGroup;
			children = (
				BAA393C31E51859900B1F34D /* Base */,
			);
			name = LaunchScreen.storyboard;
			sourceTree = "<group>";
		};
/* End PBXVariantGroup section */

/* Begin XCBuildConfiguration section */
		BAA393DC1E51859900B1F34D /* Debug */ = {
			isa = XCBuildConfiguration;
			buildSettings = {
				ALWAYS_SEARCH_USER_PATHS = NO;
				CLANG_ANALYZER_NONNULL = YES;
				CLANG_CXX_LANGUAGE_STANDARD = "gnu++0x";
				CLANG_CXX_LIBRARY = "libc++";
				CLANG_ENABLE_MODULES = YES;
				CLANG_ENABLE_OBJC_ARC = YES;
				CLANG_WARN_BOOL_CONVERSION = YES;
				CLANG_WARN_CONSTANT_CONVERSION = YES;
				CLANG_WARN_DIRECT_OBJC_ISA_USAGE = YES_ERROR;
				CLANG_WARN_DOCUMENTATION_COMMENTS = YES;
				CLANG_WARN_EMPTY_BODY = YES;
				CLANG_WARN_ENUM_CONVERSION = YES;
				CLANG_WARN_INFINITE_RECURSION = YES;
				CLANG_WARN_INT_CONVERSION = YES;
				CLANG_WARN_OBJC_ROOT_CLASS = YES_ERROR;
				CLANG_WARN_SUSPICIOUS_MOVE = YES;
				CLANG_WARN_UNREACHABLE_CODE = YES;
				CLANG_WARN__DUPLICATE_METHOD_MATCH = YES;
				"CODE_SIGN_IDENTITY[sdk=iphoneos*]" = "iPhone Developer";
				COPY_PHASE_STRIP = NO;
				DEBUG_INFORMATION_FORMAT = dwarf;
				ENABLE_STRICT_OBJC_MSGSEND = YES;
				ENABLE_TESTABILITY = YES;
				GCC_C_LANGUAGE_STANDARD = gnu99;
				GCC_DYNAMIC_NO_PIC = NO;
				GCC_NO_COMMON_BLOCKS = YES;
				GCC_OPTIMIZATION_LEVEL = 0;
				GCC_PREPROCESSOR_DEFINITIONS = (
					"DEBUG=1",
					"$(inherited)",
				);
				GCC_WARN_64_TO_32_BIT_CONVERSION = YES;
				GCC_WARN_ABOUT_RETURN_TYPE = YES_ERROR;
				GCC_WARN_UNDECLARED_SELECTOR = YES;
				GCC_WARN_UNINITIALIZED_AUTOS = YES_AGGRESSIVE;
				GCC_WARN_UNUSED_FUNCTION = YES;
				GCC_WARN_UNUSED_VARIABLE = YES;
				IPHONEOS_DEPLOYMENT_TARGET = 8.0;
				MTL_ENABLE_DEBUG_INFO = YES;
				ONLY_ACTIVE_ARCH = YES;
				SDKROOT = iphoneos;
				TARGETED_DEVICE_FAMILY = "1,2";
			};
			name = Debug;
		};
		BAA393DD1E51859900B1F34D /* Release */ = {
			isa = XCBuildConfiguration;
			buildSettings = {
				ALWAYS_SEARCH_USER_PATHS = NO;
				CLANG_ANALYZER_NONNULL = YES;
				CLANG_CXX_LANGUAGE_STANDARD = "gnu++0x";
				CLANG_CXX_LIBRARY = "libc++";
				CLANG_ENABLE_MODULES = YES;
				CLANG_ENABLE_OBJC_ARC = YES;
				CLANG_WARN_BOOL_CONVERSION = YES;
				CLANG_WARN_CONSTANT_CONVERSION = YES;
				CLANG_WARN_DIRECT_OBJC_ISA_USAGE = YES_ERROR;
				CLANG_WARN_DOCUMENTATION_COMMENTS = YES;
				CLANG_WARN_EMPTY_BODY = YES;
				CLANG_WARN_ENUM_CONVERSION = YES;
				CLANG_WARN_INFINITE_RECURSION = YES;
				CLANG_WARN_INT_CONVERSION = YES;
				CLANG_WARN_OBJC_ROOT_CLASS = YES_ERROR;
				CLANG_WARN_SUSPICIOUS_MOVE = YES;
				CLANG_WARN_UNREACHABLE_CODE = YES;
				CLANG_WARN__DUPLICATE_METHOD_MATCH = YES;
				"CODE_SIGN_IDENTITY[sdk=iphoneos*]" = "iPhone Developer";
				COPY_PHASE_STRIP = NO;
				DEBUG_INFORMATION_FORMAT = "dwarf-with-dsym";
				ENABLE_NS_ASSERTIONS = NO;
				ENABLE_STRICT_OBJC_MSGSEND = YES;
				GCC_C_LANGUAGE_STANDARD = gnu99;
				GCC_NO_COMMON_BLOCKS = YES;
				GCC_WARN_64_TO_32_BIT_CONVERSION = YES;
				GCC_WARN_ABOUT_RETURN_TYPE = YES_ERROR;
				GCC_WARN_UNDECLARED_SELECTOR = YES;
				GCC_WARN_UNINITIALIZED_AUTOS = YES_AGGRESSIVE;
				GCC_WARN_UNUSED_FUNCTION = YES;
				GCC_WARN_UNUSED_VARIABLE = YES;
				IPHONEOS_DEPLOYMENT_TARGET = 8.0;
				MTL_ENABLE_DEBUG_INFO = NO;
				SDKROOT = iphoneos;
				TARGETED_DEVICE_FAMILY = "1,2";
				VALIDATE_PRODUCT = YES;
			};
			name = Release;
		};
		BAA393DF1E51859900B1F34D /* Debug */ = {
			isa = XCBuildConfiguration;
			baseConfigurationReference = D78ED679ED0754DC4D9FA833 /* Pods-ShowTestDome.debug.xcconfig */;
			buildSettings = {
				ASSETCATALOG_COMPILER_APPICON_NAME = AppIcon;
				DEVELOPMENT_TEAM = "";
				GCC_PREFIX_HEADER = "$(PROJECT_DIR)/ShowTestDome/Define/PrefixHeader.pch";
				INFOPLIST_FILE = ShowTestDome/Info.plist;
				IPHONEOS_DEPLOYMENT_TARGET = 8.0;
				LD_RUNPATH_SEARCH_PATHS = "$(inherited) @executable_path/Frameworks";
				PRODUCT_BUNDLE_IDENTIFIER = Mjwon.ShowTestDome;
				PRODUCT_NAME = "$(TARGET_NAME)";
			};
			name = Debug;
		};
		BAA393E01E51859900B1F34D /* Release */ = {
			isa = XCBuildConfiguration;
			baseConfigurationReference = F2590011AC8CD2372DF26BBA /* Pods-ShowTestDome.release.xcconfig */;
			buildSettings = {
				ASSETCATALOG_COMPILER_APPICON_NAME = AppIcon;
				DEVELOPMENT_TEAM = "";
				GCC_PREFIX_HEADER = "$(PROJECT_DIR)/ShowTestDome/Define/PrefixHeader.pch";
				INFOPLIST_FILE = ShowTestDome/Info.plist;
				IPHONEOS_DEPLOYMENT_TARGET = 8.0;
				LD_RUNPATH_SEARCH_PATHS = "$(inherited) @executable_path/Frameworks";
				PRODUCT_BUNDLE_IDENTIFIER = Mjwon.ShowTestDome;
				PRODUCT_NAME = "$(TARGET_NAME)";
			};
			name = Release;
		};
		BAA393E21E51859900B1F34D /* Debug */ = {
			isa = XCBuildConfiguration;
			baseConfigurationReference = 287D660D263D8899BDF25EFE /* Pods-ShowTestDomeTests.debug.xcconfig */;
			buildSettings = {
				BUNDLE_LOADER = "$(TEST_HOST)";
				INFOPLIST_FILE = ShowTestDomeTests/Info.plist;
				LD_RUNPATH_SEARCH_PATHS = "$(inherited) @executable_path/Frameworks @loader_path/Frameworks";
				PRODUCT_BUNDLE_IDENTIFIER = Mjwon.ShowTestDomeTests;
				PRODUCT_NAME = "$(TARGET_NAME)";
				TEST_HOST = "$(BUILT_PRODUCTS_DIR)/ShowTestDome.app/ShowTestDome";
			};
			name = Debug;
		};
		BAA393E31E51859900B1F34D /* Release */ = {
			isa = XCBuildConfiguration;
			baseConfigurationReference = B63088B45333EBC25584B4E3 /* Pods-ShowTestDomeTests.release.xcconfig */;
			buildSettings = {
				BUNDLE_LOADER = "$(TEST_HOST)";
				INFOPLIST_FILE = ShowTestDomeTests/Info.plist;
				LD_RUNPATH_SEARCH_PATHS = "$(inherited) @executable_path/Frameworks @loader_path/Frameworks";
				PRODUCT_BUNDLE_IDENTIFIER = Mjwon.ShowTestDomeTests;
				PRODUCT_NAME = "$(TARGET_NAME)";
				TEST_HOST = "$(BUILT_PRODUCTS_DIR)/ShowTestDome.app/ShowTestDome";
			};
			name = Release;
		};
		BAA393E51E51859900B1F34D /* Debug */ = {
			isa = XCBuildConfiguration;
			baseConfigurationReference = 2ACA4DAAB5EFAA9EFA849127 /* Pods-ShowTestDomeUITests.debug.xcconfig */;
			buildSettings = {
				INFOPLIST_FILE = ShowTestDomeUITests/Info.plist;
				LD_RUNPATH_SEARCH_PATHS = "$(inherited) @executable_path/Frameworks @loader_path/Frameworks";
				PRODUCT_BUNDLE_IDENTIFIER = Mjwon.ShowTestDomeUITests;
				PRODUCT_NAME = "$(TARGET_NAME)";
				TEST_TARGET_NAME = ShowTestDome;
			};
			name = Debug;
		};
		BAA393E61E51859900B1F34D /* Release */ = {
			isa = XCBuildConfiguration;
			baseConfigurationReference = C089AB00A7B355DDB1EC9E3D /* Pods-ShowTestDomeUITests.release.xcconfig */;
			buildSettings = {
				INFOPLIST_FILE = ShowTestDomeUITests/Info.plist;
				LD_RUNPATH_SEARCH_PATHS = "$(inherited) @executable_path/Frameworks @loader_path/Frameworks";
				PRODUCT_BUNDLE_IDENTIFIER = Mjwon.ShowTestDomeUITests;
				PRODUCT_NAME = "$(TARGET_NAME)";
				TEST_TARGET_NAME = ShowTestDome;
			};
			name = Release;
		};
/* End XCBuildConfiguration section */

/* Begin XCConfigurationList section */
		BAA393AC1E51859800B1F34D /* Build configuration list for PBXProject "ShowTestDome" */ = {
			isa = XCConfigurationList;
			buildConfigurations = (
				BAA393DC1E51859900B1F34D /* Debug */,
				BAA393DD1E51859900B1F34D /* Release */,
			);
			defaultConfigurationIsVisible = 0;
			defaultConfigurationName = Release;
		};
		BAA393DE1E51859900B1F34D /* Build configuration list for PBXNativeTarget "ShowTestDome" */ = {
			isa = XCConfigurationList;
			buildConfigurations = (
				BAA393DF1E51859900B1F34D /* Debug */,
				BAA393E01E51859900B1F34D /* Release */,
			);
			defaultConfigurationIsVisible = 0;
			defaultConfigurationName = Release;
		};
		BAA393E11E51859900B1F34D /* Build configuration list for PBXNativeTarget "ShowTestDomeTests" */ = {
			isa = XCConfigurationList;
			buildConfigurations = (
				BAA393E21E51859900B1F34D /* Debug */,
				BAA393E31E51859900B1F34D /* Release */,
			);
			defaultConfigurationIsVisible = 0;
			defaultConfigurationName = Release;
		};
		BAA393E41E51859900B1F34D /* Build configuration list for PBXNativeTarget "ShowTestDomeUITests" */ = {
			isa = XCConfigurationList;
			buildConfigurations = (
				BAA393E51E51859900B1F34D /* Debug */,
				BAA393E61E51859900B1F34D /* Release */,
			);
			defaultConfigurationIsVisible = 0;
			defaultConfigurationName = Release;
		};
/* End XCConfigurationList section */
	};
	rootObject = BAA393A91E51859800B1F34D /* Project object */;
}
